
Microsoft Visual Studio Solution File, Format Version 12.00
# Visual Studio Version 17
VisualStudioVersion = 17.6.33815.320
MinimumVisualStudioVersion = 10.0.40219.1
Project("{2150E333-8FDC-42A3-9474-1A3956D46DE8}") = "C++ OOP01", "C++ OOP01", "{0B116468-B561-429F-A59C-7AF6428CC6E1}"
EndProject
Project("{2150E333-8FDC-42A3-9474-1A3956D46DE8}") = "C++ OOP02", "C++ OOP02", "{9C5CAD05-FDE0-4BB5-85CE-FD6A5CC52257}"
EndProject
Project("{8BC9CEB8-8B4A-11D0-8D11-00A0C91BC942}") = "OOP02. Constructor", "OOP02. Constructor\OOP02. Constructor.vcxproj", "{88113B90-B738-467B-A068-D1E6D6342831}"
EndProject
Project("{2150E333-8FDC-42A3-9474-1A3956D46DE8}") = "C++ OOP03", "C++ OOP03", "{A44894BD-264B-4BDA-93F5-47C4FBC3DEC7}"
EndProject
Project("{8BC9CEB8-8B4A-11D0-8D11-00A0C91BC942}") = "OOP03. Initalization", "OOP03. Initalization\OOP03. Initalization.vcxproj", "{B1FA89A5-1953-4150-801E-EA21E784348E}"
EndProject
Project("{8BC9CEB8-8B4A-11D0-8D11-00A0C91BC942}") = "OOP03. Static fields and static methods", "OOP03. Static fields and static methods\OOP03. Static fields and static methods.vcxproj", "{3C4887DE-2E0D-47E0-B7F2-516BDF0450FF}"
EndProject
Project("{2150E333-8FDC-42A3-9474-1A3956D46DE8}") = "C++ OOP04", "C++ OOP04", "{5565AD82-8CEB-46B9-BDE4-199D76499DF3}"
EndProject
Project("{2150E333-8FDC-42A3-9474-1A3956D46DE8}") = "C++ Task", "C++ Task", "{93A0AE45-788E-4D44-AB62-7765860053B9}"
EndProject
Project("{8BC9CEB8-8B4A-11D0-8D11-00A0C91BC942}") = "Task", "Task\Task.vcxproj", "{57493889-B757-4F09-86E6-A50287E4C3E8}"
EndProject
Project("{8BC9CEB8-8B4A-11D0-8D11-00A0C91BC942}") = "OOP04. Copy Constructor", "OOP04. Copy Constructor\OOP04. Copy Constructor.vcxproj", "{91AABF03-A896-4F41-9577-C62E689A0C82}"
EndProject
Project("{8BC9CEB8-8B4A-11D0-8D11-00A0C91BC942}") = "OOP04. DynamicArray without copy constructor", "OOP04. DynamicArray without copy constructor\OOP04. DynamicArray without copy constructor.vcxproj", "{F0AC5770-5CD0-4030-9357-D07D493014EA}"
EndProject
Project("{8BC9CEB8-8B4A-11D0-8D11-00A0C91BC942}") = "OOP04. DynamicArray with copy constructor", "OOP04. DynamicArray with copy constructor\OOP04. DynamicArray with copy constructor.vcxproj", "{BBE2B9A2-EFDA-4F35-AEB3-43D6BA44252E}"
EndProject
Project("{2150E333-8FDC-42A3-9474-1A3956D46DE8}") = "C++ OOP05", "C++ OOP05", "{ECC82275-AA65-4468-861A-6AF79A965B53}"
EndProject
Project("{8BC9CEB8-8B4A-11D0-8D11-00A0C91BC942}") = "OOP05. const methods", "OOP05. const methods\OOP05. const methods.vcxproj", "{E9377DA6-C17A-45A4-984E-BA25056ED3D9}"
EndProject
Project("{8BC9CEB8-8B4A-11D0-8D11-00A0C91BC942}") = "OOP05. explicit constructor", "OOP05. explicit constructor\OOP05. explicit constructor.vcxproj", "{BF130D82-E431-420C-8220-EF6306301932}"
EndProject
Project("{8BC9CEB8-8B4A-11D0-8D11-00A0C91BC942}") = "OOP05. without operator overloading", "OOP05. without operator overloading\OOP05. without operator overloading.vcxproj", "{26978195-789F-4ED4-A440-1870E8A7E989}"
EndProject
Project("{8BC9CEB8-8B4A-11D0-8D11-00A0C91BC942}") = "OOP05. operator overloading Point", "OOP05. operator overloading Point\OOP05. operator overloading Point.vcxproj", "{50F60EE7-F8AA-4D71-8097-414AEDC6EA80}"
EndProject
Project("{2150E333-8FDC-42A3-9474-1A3956D46DE8}") = "C++ OOP06", "C++ OOP06", "{60DD64BD-2AAF-4C66-BE26-948FB5A8DA5C}"
EndProject
Project("{8BC9CEB8-8B4A-11D0-8D11-00A0C91BC942}") = "OOP06. Dynamic array with overloading", "OOP06. Dynamic array with overloading\OOP06. Dynamic array with overloading.vcxproj", "{2092F15E-6885-40AB-86FC-63113A3AF33D}"
EndProject
Project("{2150E333-8FDC-42A3-9474-1A3956D46DE8}") = "C++ OOP07", "C++ OOP07", "{6F88D9DE-831B-41CF-9EFD-710D4F18D2A5}"
EndProject
Project("{8BC9CEB8-8B4A-11D0-8D11-00A0C91BC942}") = "OOP07. partial spesialization", "OOP07. partial spesialization\OOP07. partial spesialization.vcxproj", "{2F449700-B0E9-4788-96DB-B0D1DB3240B3}"
EndProject
Project("{2150E333-8FDC-42A3-9474-1A3956D46DE8}") = "C++ OOP08", "C++ OOP08", "{E67ACDCD-F096-437A-B3B9-08E1DA490238}"
EndProject
Project("{8BC9CEB8-8B4A-11D0-8D11-00A0C91BC942}") = "OOP08. Move Constructor", "OOP08. Move Constructor\OOP08. Move Constructor.vcxproj", "{79CDB4C9-B136-42A5-9744-907547422671}"
EndProject
Project("{8BC9CEB8-8B4A-11D0-8D11-00A0C91BC942}") = "OOP08. string", "OOP08. string\OOP08. string.vcxproj", "{C77446E5-0D28-4469-B6CD-59C267738651}"
EndProject
Project("{2150E333-8FDC-42A3-9474-1A3956D46DE8}") = "C++ OOP09", "C++ OOP09", "{BE0CBD60-D2C2-41D4-A137-9F2EAD72CA08}"
EndProject
Project("{8BC9CEB8-8B4A-11D0-8D11-00A0C91BC942}") = "OOP09. Linked_List", "OOP09. Linked_List\OOP09. Linked_List.vcxproj", "{EC3276FA-D02A-4C03-9180-D09B1F8350F5}"
EndProject
Project("{2150E333-8FDC-42A3-9474-1A3956D46DE8}") = "C++ OOP10", "C++ OOP10", "{BA2E32AF-44AA-42D7-A7CF-B1418CE9ED4A}"
EndProject
Project("{8BC9CEB8-8B4A-11D0-8D11-00A0C91BC942}") = "OOP10. Stack", "OOP10. Stack\OOP10. Stack.vcxproj", "{8741BB95-8822-47EA-A05E-7B9767C7A7DD}"
EndProject
Project("{8BC9CEB8-8B4A-11D0-8D11-00A0C91BC942}") = "OOP10. Queue", "OOP10. Queue\OOP10. Queue.vcxproj", "{BD83CAED-0F1A-4043-9D83-A9A37EB98E33}"
EndProject
Project("{8BC9CEB8-8B4A-11D0-8D11-00A0C91BC942}") = "OOP10. vector, stack, queue", "OOP10. vector, stack, queue\OOP10. vector, stack, queue.vcxproj", "{D3BDCF57-6940-4F1C-AE9C-8511A4FB08E0}"
EndProject
Project("{2150E333-8FDC-42A3-9474-1A3956D46DE8}") = "C++ OOP11", "C++ OOP11", "{5909BA54-B7B3-419F-8813-8474C5512737}"
EndProject
Project("{8BC9CEB8-8B4A-11D0-8D11-00A0C91BC942}") = "OOP11. Nested Classes", "OOP11. Nested Classes\OOP11. Nested Classes.vcxproj", "{189CF876-AB37-497B-8206-86D840C87D6E}"
EndProject
Project("{8BC9CEB8-8B4A-11D0-8D11-00A0C91BC942}") = "OOP11. EngineEnclosingCar", "OOP11. EngineEnclosingCar\OOP11. EngineEnclosingCar.vcxproj", "{5E89E497-11A4-4865-B3BE-C01BCFCD4DC3}"
EndProject
Project("{8BC9CEB8-8B4A-11D0-8D11-00A0C91BC942}") = "OOP11. Aggregation", "OOP11. Aggregation\OOP11. Aggregation.vcxproj", "{8AFCDE40-B547-4CD2-99D9-B27F99C9737E}"
EndProject
Project("{8BC9CEB8-8B4A-11D0-8D11-00A0C91BC942}") = "OOP11. Composition", "OOP11. Composition\OOP11. Composition.vcxproj", "{00C57F88-5C6F-4E1F-B042-6634D9BBA6D6}"
EndProject
Project("{2150E333-8FDC-42A3-9474-1A3956D46DE8}") = "C++ OOP12", "C++ OOP12", "{46B4DC23-EC08-4EBC-9324-D1FDF2FDD34B}"
EndProject
Project("{8BC9CEB8-8B4A-11D0-8D11-00A0C91BC942}") = "OOP12. Inheritance", "OOP12. Inheritance\OOP12. Inheritance.vcxproj", "{A219CF7D-9716-4118-999D-4D6E3B6B2C98}"
EndProject
Project("{8BC9CEB8-8B4A-11D0-8D11-00A0C91BC942}") = "OOP12. Inheritance access", "OOP12. Inheritance access\OOP12. Inheritance access.vcxproj", "{45E5FB3C-F448-4C99-8711-87CEEA29CC7A}"
EndProject
Project("{2150E333-8FDC-42A3-9474-1A3956D46DE8}") = "C++ OOP13", "C++ OOP13", "{5DA84C28-C4E2-42BE-A5EA-D5B43E76DD8C}"
EndProject
Project("{8BC9CEB8-8B4A-11D0-8D11-00A0C91BC942}") = "OOP13. Multiple inheritance", "OOP13. Multiple inheritance\OOP13. Multiple inheritance.vcxproj", "{011CF1C1-921E-49EC-9ABA-E82734B5CF17}"
EndProject
Project("{8BC9CEB8-8B4A-11D0-8D11-00A0C91BC942}") = "OOP13. Diamond problem", "OOP13. Diamond problem\OOP13. Diamond problem.vcxproj", "{A6EAD726-639B-4553-B0CA-3B4BB1B43578}"
EndProject
Project("{8BC9CEB8-8B4A-11D0-8D11-00A0C91BC942}") = "OOP13. Polymorphism intro", "OOP13. Polymorphism intro\OOP13. Polymorphism intro.vcxproj", "{932CCE72-C2C9-4FAB-A06D-7271FEFF69D4}"
EndProject
Project("{2150E333-8FDC-42A3-9474-1A3956D46DE8}") = "C++ OOP14", "C++ OOP14", "{D617269B-4DCA-44F7-A182-4762933D8AF6}"
EndProject
Project("{8BC9CEB8-8B4A-11D0-8D11-00A0C91BC942}") = "OOP14. Pure virtual methods, Abstract classes", "OOP14. Pure virtual methods, Abstract classes\OOP14. Pure virtual methods, Abstract classes.vcxproj", "{631D6467-28E8-44C1-AC49-0BE3E25AD9F3}"
EndProject
Project("{8BC9CEB8-8B4A-11D0-8D11-00A0C91BC942}") = "OOP14. Pure virtual destructor", "OOP14. Pure virtual destructor\OOP14. Pure virtual destructor.vcxproj", "{A555C4B1-B1A9-402E-9131-DFB47EF1BF96}"
EndProject
Project("{8BC9CEB8-8B4A-11D0-8D11-00A0C91BC942}") = "OOP14. override Final", "OOP14. override Final\OOP14. override Final.vcxproj", "{7690426F-1935-4A37-8502-B1A9BE4B9606}"
EndProject
Project("{8BC9CEB8-8B4A-11D0-8D11-00A0C91BC942}") = "OOP14. DimondProblemSolution", "OOP14. DimondProblemSolution\OOP14. DimondProblemSolution.vcxproj", "{1A1011B0-E61F-40FF-9042-C36A567A0DBA}"
EndProject
Project("{8BC9CEB8-8B4A-11D0-8D11-00A0C91BC942}") = "OOP14. Abstract Classes like Interface", "OOP14. Abstract Classes like Interface\OOP14. Abstract Classes like Interface.vcxproj", "{E84BEAE9-7B11-44B7-BDC7-4FC91C509838}"
EndProject
Project("{2150E333-8FDC-42A3-9474-1A3956D46DE8}") = "C++ OOP15", "C++ OOP15", "{44FDECB6-704B-4561-9B83-817ED5F8A522}"
EndProject
Project("{8BC9CEB8-8B4A-11D0-8D11-00A0C91BC942}") = "OOP15. try-catch", "OOP15. try-catch\OOP15. try-catch.vcxproj", "{B577A099-BFF9-46BC-ADA7-53B4474556FB}"
EndProject
Project("{8BC9CEB8-8B4A-11D0-8D11-00A0C91BC942}") = "OOP15. Namespaces", "OOP15. Namespaces\OOP15. Namespaces.vcxproj", "{728322E4-135D-410E-985E-DBFD38D3F8EE}"
EndProject
Project("{2150E333-8FDC-42A3-9474-1A3956D46DE8}") = "C++ OOP17", "C++ OOP17", "{BE405C4F-05E0-484E-9025-6E7CAFCE0CB1}"
EndProject
Project("{8BC9CEB8-8B4A-11D0-8D11-00A0C91BC942}") = "OOP17. Static cast", "OOP17. Static cast\OOP17. Static cast.vcxproj", "{C199402C-AAD7-4109-8C7C-7860AFACE21F}"
EndProject
Project("{8BC9CEB8-8B4A-11D0-8D11-00A0C91BC942}") = "OOP17. ConsCast", "OOP17. ConsCast\OOP17. ConsCast.vcxproj", "{C5EC7150-26FB-4652-B51A-9955DA26A510}"
EndProject
Project("{8BC9CEB8-8B4A-11D0-8D11-00A0C91BC942}") = "OOP17. ReinterpretCast", "OOP17. ReinterpretCast\OOP17. ReinterpretCast.vcxproj", "{981FE57A-0016-452A-A1D9-923CAAF0FEB5}"
EndProject
Project("{8BC9CEB8-8B4A-11D0-8D11-00A0C91BC942}") = "OOP17. DynamicCast", "OOP17. DynamicCast\OOP17. DynamicCast.vcxproj", "{71D33275-DEB9-4012-A9EB-D7529EED15A0}"
EndProject
Project("{2150E333-8FDC-42A3-9474-1A3956D46DE8}") = "C++ OOP18", "C++ OOP18", "{7E9279ED-DB32-44A9-B377-C915E21DF191}"
EndProject
Project("{2150E333-8FDC-42A3-9474-1A3956D46DE8}") = "C++ OOP19", "C++ OOP19", "{7434C96F-2D4B-4D9A-800C-05BD913D4D70}"
EndProject
Project("{2150E333-8FDC-42A3-9474-1A3956D46DE8}") = "C++ OOP20", "C++ OOP20", "{4E3AD36F-B7DF-4908-B362-071D5E81EFB1}"
EndProject
Project("{8BC9CEB8-8B4A-11D0-8D11-00A0C91BC942}") = "OOP20. input output stream", "OOP20. input output stream\OOP20. input output stream.vcxproj", "{5EE21A36-9822-4468-A050-0F686A2CC677}"
EndProject
Project("{8BC9CEB8-8B4A-11D0-8D11-00A0C91BC942}") = "OOP20. File stream", "OOP20. File stream\OOP20. File stream.vcxproj", "{61D8CA5C-88FD-41AE-A018-068156AE682F}"
EndProject
Project("{2150E333-8FDC-42A3-9474-1A3956D46DE8}") = "C++ OOP21", "C++ OOP21", "{4728F7BF-34D4-4DC6-B554-E97E02E83926}"
EndProject
Project("{8BC9CEB8-8B4A-11D0-8D11-00A0C91BC942}") = "OOP21.Hex_view", "OOP21.Hex_view\OOP21.Hex_view.vcxproj", "{439B14D3-67A5-447A-B098-105F4999677C}"
EndProject
Project("{8BC9CEB8-8B4A-11D0-8D11-00A0C91BC942}") = "OOP21. Array_file", "OOP21. Array_file\OOP21. Array_file.vcxproj", "{478BEF81-20C0-47E9-A1C1-543C9B0D80B1}"
EndProject
Project("{2150E333-8FDC-42A3-9474-1A3956D46DE8}") = "C++ OOP22", "C++ OOP22", "{38C95087-22C6-40A6-B414-B5E4510E1029}"
EndProject
Project("{8BC9CEB8-8B4A-11D0-8D11-00A0C91BC942}") = "OOP22. Class to file", "OOP22. Class to file\OOP22. Class to file.vcxproj", "{8BF1FD07-17CF-4EE8-AD56-8B3AAF305914}"
EndProject
Project("{8BC9CEB8-8B4A-11D0-8D11-00A0C91BC942}") = "OOP02. Encapsulation", "OOP01. Encapsulation\OOP 01. Encapsulation.vcxproj", "{3EC18B01-80A7-49D7-8899-292EDCD869EA}"
EndProject
Project("{8BC9CEB8-8B4A-11D0-8D11-00A0C91BC942}") = "OOP01 intro, class", "OOP01. intro, class\OOP intro, class.vcxproj", "{95062D64-D58A-4FAB-8476-FD4F2D6E7F42}"
EndProject
Project("{8BC9CEB8-8B4A-11D0-8D11-00A0C91BC942}") = "OOP01  members methods", "OOP01. members methods\C++ OOP1. members methods.vcxproj", "{A4F1A749-AC0A-43FB-BDFD-6B70FE75370A}"
EndProject
Project("{8BC9CEB8-8B4A-11D0-8D11-00A0C91BC942}") = "OOP02. Destructor", "OOP02. Destructor\OOP2. Destructor.vcxproj", "{6DA05295-ED66-47EA-9DD4-D93DF31032AD}"
EndProject
Project("{8BC9CEB8-8B4A-11D0-8D11-00A0C91BC942}") = "OOP02. this", "OOP02. this\OOP2. this.vcxproj", "{F672D424-13BC-4E98-B55C-5AAE3E5632C8}"
EndProject
Project("{8BC9CEB8-8B4A-11D0-8D11-00A0C91BC942}") = "OOP03. Constructor delegation", "OOP03. Constructor delegation\OOP3. Constructor delegation.vcxproj", "{DA3A8900-734A-4BC0-B140-0FD25559E197}"
EndProject
Project("{8BC9CEB8-8B4A-11D0-8D11-00A0C91BC942}") = "OOP07. class template", "OOP07. class template\OOP07. class template.vcxproj", "{32F36D94-F7CA-42BF-ABC4-0E2061A1F1C1}"
EndProject
Project("{8BC9CEB8-8B4A-11D0-8D11-00A0C91BC942}") = "OOP07. spesialization class template", "OOP07. spesialization class template\OOP07. spesialization class template.vcxproj", "{A03B9EB6-8C5C-4995-B5DE-F5C1758FFFC7}"
EndProject
Project("{8BC9CEB8-8B4A-11D0-8D11-00A0C91BC942}") = "OOP18. Smart Pointers", "OOP18. Smart Pointers\OOP18. Smart Pointers.vcxproj", "{E275C856-3BE4-4CBE-BCCB-F5ECD7BC9187}"
EndProject
Project("{8BC9CEB8-8B4A-11D0-8D11-00A0C91BC942}") = "OOP19. My Shared Pointer", "OOP19. My Shared Pointer\OOP19. My Shared Pointer.vcxproj", "{E867D7AC-04E9-4DBD-A087-92A1904BFE46}"
EndProject
Project("{8BC9CEB8-8B4A-11D0-8D11-00A0C91BC942}") = "OOP19. weakPointer", "OOP19. weakPointer\OOP19. weakPointer.vcxproj", "{6C5EE810-A1E4-4280-89DA-E6D08D10F0B7}"
EndProject
Project("{2150E333-8FDC-42A3-9474-1A3956D46DE8}") = "C++ OOP23", "C++ OOP23", "{3308F5A0-D7FF-4871-BF59-59A167695A71}"
EndProject
Project("{8BC9CEB8-8B4A-11D0-8D11-00A0C91BC942}") = "OOP23. STL", "OOP23. STL, Iterators, vector, list\OOP23. STL, Iterators, vector, list.vcxproj", "{DC40742A-BAEE-40C7-998F-3D9EE7673847}"
EndProject
Project("{8BC9CEB8-8B4A-11D0-8D11-00A0C91BC942}") = "OOP23. Iterators", "OOP23. Iterators\OOP23. Iterators.vcxproj", "{9ED7FDA9-2D05-4F7B-B1D2-480B34D1A699}"
EndProject
Project("{8BC9CEB8-8B4A-11D0-8D11-00A0C91BC942}") = "OOP23. vector", "OOP23. vector\OOP23. vector.vcxproj", "{C43603E8-EC95-4195-ABC3-8183C7A4444C}"
EndProject
Project("{2150E333-8FDC-42A3-9474-1A3956D46DE8}") = "C++ OOP24", "C++ OOP24", "{0F17C84B-C720-4728-B51D-F9987F5E8ECC}"
EndProject
Project("{8BC9CEB8-8B4A-11D0-8D11-00A0C91BC942}") = "OOP24. list", "OOP24. list\OOP24. list.vcxproj", "{FCD4AA5A-031C-46B4-94AF-6A6F1F799959}"
EndProject
Project("{8BC9CEB8-8B4A-11D0-8D11-00A0C91BC942}") = "OOP24. maps", "OOP24. maps\OOP24. maps.vcxproj", "{B223AFAB-72A2-4E1B-BC92-274CBF695961}"
EndProject
Project("{8BC9CEB8-8B4A-11D0-8D11-00A0C91BC942}") = "OOP24. multimap", "OOP24. multimap\OOP24. multimap.vcxproj", "{5B0AB966-F59E-4482-AAB7-42E717ADD009}"
EndProject
Project("{2150E333-8FDC-42A3-9474-1A3956D46DE8}") = "C++ OOP25", "C++ OOP25", "{44D16DD5-D96A-4970-A46D-2B7D18C13EF7}"
EndProject
Project("{8BC9CEB8-8B4A-11D0-8D11-00A0C91BC942}") = "OOP25. STL Algorithms", "OOP25. STL Algorithms\OOP25. STL Algorithms.vcxproj", "{7DFAB498-BC02-40CB-B7EA-77E3FC57B4A3}"
EndProject
Project("{2150E333-8FDC-42A3-9474-1A3956D46DE8}") = "C++ OOP26", "C++ OOP26", "{D445C383-23BB-4F92-A96A-43FBD0FB76D0}"
EndProject
Project("{8BC9CEB8-8B4A-11D0-8D11-00A0C91BC942}") = "OOP26. Functors", "OOP26. Functors\OOP26. Functors.vcxproj", "{E2BA9DE8-A2D6-4264-9E87-666EA904F01F}"
EndProject
Project("{8BC9CEB8-8B4A-11D0-8D11-00A0C91BC942}") = "OOP26. STL Algorithms and lamda", "OOP26. STL Algorithms and lamda\OOP26. STL Algorithms and lamda.vcxproj", "{DB9B547C-0FDA-4DED-9320-5FC8987E9A2C}"
EndProject
Project("{8BC9CEB8-8B4A-11D0-8D11-00A0C91BC942}") = "OOP26. STL Algorithms list", "OOP26. STL Algorithms list\OOP26. STL Algorithms list.vcxproj", "{DADE0528-51AE-4716-A60B-62B350E82C9C}"
EndProject
Global
	GlobalSection(SolutionConfigurationPlatforms) = preSolution
		Debug|x64 = Debug|x64
		Debug|x86 = Debug|x86
		Release|x64 = Release|x64
		Release|x86 = Release|x86
	EndGlobalSection
	GlobalSection(ProjectConfigurationPlatforms) = postSolution
		{88113B90-B738-467B-A068-D1E6D6342831}.Debug|x64.ActiveCfg = Debug|x64
		{88113B90-B738-467B-A068-D1E6D6342831}.Debug|x64.Build.0 = Debug|x64
		{88113B90-B738-467B-A068-D1E6D6342831}.Debug|x86.ActiveCfg = Debug|Win32
		{88113B90-B738-467B-A068-D1E6D6342831}.Debug|x86.Build.0 = Debug|Win32
		{88113B90-B738-467B-A068-D1E6D6342831}.Release|x64.ActiveCfg = Release|x64
		{88113B90-B738-467B-A068-D1E6D6342831}.Release|x64.Build.0 = Release|x64
		{88113B90-B738-467B-A068-D1E6D6342831}.Release|x86.ActiveCfg = Release|Win32
		{88113B90-B738-467B-A068-D1E6D6342831}.Release|x86.Build.0 = Release|Win32
		{B1FA89A5-1953-4150-801E-EA21E784348E}.Debug|x64.ActiveCfg = Debug|x64
		{B1FA89A5-1953-4150-801E-EA21E784348E}.Debug|x64.Build.0 = Debug|x64
		{B1FA89A5-1953-4150-801E-EA21E784348E}.Debug|x86.ActiveCfg = Debug|Win32
		{B1FA89A5-1953-4150-801E-EA21E784348E}.Debug|x86.Build.0 = Debug|Win32
		{B1FA89A5-1953-4150-801E-EA21E784348E}.Release|x64.ActiveCfg = Release|x64
		{B1FA89A5-1953-4150-801E-EA21E784348E}.Release|x64.Build.0 = Release|x64
		{B1FA89A5-1953-4150-801E-EA21E784348E}.Release|x86.ActiveCfg = Release|Win32
		{B1FA89A5-1953-4150-801E-EA21E784348E}.Release|x86.Build.0 = Release|Win32
		{3C4887DE-2E0D-47E0-B7F2-516BDF0450FF}.Debug|x64.ActiveCfg = Debug|x64
		{3C4887DE-2E0D-47E0-B7F2-516BDF0450FF}.Debug|x64.Build.0 = Debug|x64
		{3C4887DE-2E0D-47E0-B7F2-516BDF0450FF}.Debug|x86.ActiveCfg = Debug|Win32
		{3C4887DE-2E0D-47E0-B7F2-516BDF0450FF}.Debug|x86.Build.0 = Debug|Win32
		{3C4887DE-2E0D-47E0-B7F2-516BDF0450FF}.Release|x64.ActiveCfg = Release|x64
		{3C4887DE-2E0D-47E0-B7F2-516BDF0450FF}.Release|x64.Build.0 = Release|x64
		{3C4887DE-2E0D-47E0-B7F2-516BDF0450FF}.Release|x86.ActiveCfg = Release|Win32
		{3C4887DE-2E0D-47E0-B7F2-516BDF0450FF}.Release|x86.Build.0 = Release|Win32
		{57493889-B757-4F09-86E6-A50287E4C3E8}.Debug|x64.ActiveCfg = Debug|x64
		{57493889-B757-4F09-86E6-A50287E4C3E8}.Debug|x64.Build.0 = Debug|x64
		{57493889-B757-4F09-86E6-A50287E4C3E8}.Debug|x86.ActiveCfg = Debug|Win32
		{57493889-B757-4F09-86E6-A50287E4C3E8}.Debug|x86.Build.0 = Debug|Win32
		{57493889-B757-4F09-86E6-A50287E4C3E8}.Release|x64.ActiveCfg = Release|x64
		{57493889-B757-4F09-86E6-A50287E4C3E8}.Release|x64.Build.0 = Release|x64
		{57493889-B757-4F09-86E6-A50287E4C3E8}.Release|x86.ActiveCfg = Release|Win32
		{57493889-B757-4F09-86E6-A50287E4C3E8}.Release|x86.Build.0 = Release|Win32
		{91AABF03-A896-4F41-9577-C62E689A0C82}.Debug|x64.ActiveCfg = Debug|x64
		{91AABF03-A896-4F41-9577-C62E689A0C82}.Debug|x64.Build.0 = Debug|x64
		{91AABF03-A896-4F41-9577-C62E689A0C82}.Debug|x86.ActiveCfg = Debug|Win32
		{91AABF03-A896-4F41-9577-C62E689A0C82}.Debug|x86.Build.0 = Debug|Win32
		{91AABF03-A896-4F41-9577-C62E689A0C82}.Release|x64.ActiveCfg = Release|x64
		{91AABF03-A896-4F41-9577-C62E689A0C82}.Release|x64.Build.0 = Release|x64
		{91AABF03-A896-4F41-9577-C62E689A0C82}.Release|x86.ActiveCfg = Release|Win32
		{91AABF03-A896-4F41-9577-C62E689A0C82}.Release|x86.Build.0 = Release|Win32
		{F0AC5770-5CD0-4030-9357-D07D493014EA}.Debug|x64.ActiveCfg = Debug|x64
		{F0AC5770-5CD0-4030-9357-D07D493014EA}.Debug|x64.Build.0 = Debug|x64
		{F0AC5770-5CD0-4030-9357-D07D493014EA}.Debug|x86.ActiveCfg = Debug|Win32
		{F0AC5770-5CD0-4030-9357-D07D493014EA}.Debug|x86.Build.0 = Debug|Win32
		{F0AC5770-5CD0-4030-9357-D07D493014EA}.Release|x64.ActiveCfg = Release|x64
		{F0AC5770-5CD0-4030-9357-D07D493014EA}.Release|x64.Build.0 = Release|x64
		{F0AC5770-5CD0-4030-9357-D07D493014EA}.Release|x86.ActiveCfg = Release|Win32
		{F0AC5770-5CD0-4030-9357-D07D493014EA}.Release|x86.Build.0 = Release|Win32
		{BBE2B9A2-EFDA-4F35-AEB3-43D6BA44252E}.Debug|x64.ActiveCfg = Debug|x64
		{BBE2B9A2-EFDA-4F35-AEB3-43D6BA44252E}.Debug|x64.Build.0 = Debug|x64
		{BBE2B9A2-EFDA-4F35-AEB3-43D6BA44252E}.Debug|x86.ActiveCfg = Debug|Win32
		{BBE2B9A2-EFDA-4F35-AEB3-43D6BA44252E}.Debug|x86.Build.0 = Debug|Win32
		{BBE2B9A2-EFDA-4F35-AEB3-43D6BA44252E}.Release|x64.ActiveCfg = Release|x64
		{BBE2B9A2-EFDA-4F35-AEB3-43D6BA44252E}.Release|x64.Build.0 = Release|x64
		{BBE2B9A2-EFDA-4F35-AEB3-43D6BA44252E}.Release|x86.ActiveCfg = Release|Win32
		{BBE2B9A2-EFDA-4F35-AEB3-43D6BA44252E}.Release|x86.Build.0 = Release|Win32
		{E9377DA6-C17A-45A4-984E-BA25056ED3D9}.Debug|x64.ActiveCfg = Debug|x64
		{E9377DA6-C17A-45A4-984E-BA25056ED3D9}.Debug|x64.Build.0 = Debug|x64
		{E9377DA6-C17A-45A4-984E-BA25056ED3D9}.Debug|x86.ActiveCfg = Debug|Win32
		{E9377DA6-C17A-45A4-984E-BA25056ED3D9}.Debug|x86.Build.0 = Debug|Win32
		{E9377DA6-C17A-45A4-984E-BA25056ED3D9}.Release|x64.ActiveCfg = Release|x64
		{E9377DA6-C17A-45A4-984E-BA25056ED3D9}.Release|x64.Build.0 = Release|x64
		{E9377DA6-C17A-45A4-984E-BA25056ED3D9}.Release|x86.ActiveCfg = Release|Win32
		{E9377DA6-C17A-45A4-984E-BA25056ED3D9}.Release|x86.Build.0 = Release|Win32
		{BF130D82-E431-420C-8220-EF6306301932}.Debug|x64.ActiveCfg = Debug|x64
		{BF130D82-E431-420C-8220-EF6306301932}.Debug|x64.Build.0 = Debug|x64
		{BF130D82-E431-420C-8220-EF6306301932}.Debug|x86.ActiveCfg = Debug|Win32
		{BF130D82-E431-420C-8220-EF6306301932}.Debug|x86.Build.0 = Debug|Win32
		{BF130D82-E431-420C-8220-EF6306301932}.Release|x64.ActiveCfg = Release|x64
		{BF130D82-E431-420C-8220-EF6306301932}.Release|x64.Build.0 = Release|x64
		{BF130D82-E431-420C-8220-EF6306301932}.Release|x86.ActiveCfg = Release|Win32
		{BF130D82-E431-420C-8220-EF6306301932}.Release|x86.Build.0 = Release|Win32
		{26978195-789F-4ED4-A440-1870E8A7E989}.Debug|x64.ActiveCfg = Debug|x64
		{26978195-789F-4ED4-A440-1870E8A7E989}.Debug|x64.Build.0 = Debug|x64
		{26978195-789F-4ED4-A440-1870E8A7E989}.Debug|x86.ActiveCfg = Debug|Win32
		{26978195-789F-4ED4-A440-1870E8A7E989}.Debug|x86.Build.0 = Debug|Win32
		{26978195-789F-4ED4-A440-1870E8A7E989}.Release|x64.ActiveCfg = Release|x64
		{26978195-789F-4ED4-A440-1870E8A7E989}.Release|x64.Build.0 = Release|x64
		{26978195-789F-4ED4-A440-1870E8A7E989}.Release|x86.ActiveCfg = Release|Win32
		{26978195-789F-4ED4-A440-1870E8A7E989}.Release|x86.Build.0 = Release|Win32
		{50F60EE7-F8AA-4D71-8097-414AEDC6EA80}.Debug|x64.ActiveCfg = Debug|x64
		{50F60EE7-F8AA-4D71-8097-414AEDC6EA80}.Debug|x64.Build.0 = Debug|x64
		{50F60EE7-F8AA-4D71-8097-414AEDC6EA80}.Debug|x86.ActiveCfg = Debug|Win32
		{50F60EE7-F8AA-4D71-8097-414AEDC6EA80}.Debug|x86.Build.0 = Debug|Win32
		{50F60EE7-F8AA-4D71-8097-414AEDC6EA80}.Release|x64.ActiveCfg = Release|x64
		{50F60EE7-F8AA-4D71-8097-414AEDC6EA80}.Release|x64.Build.0 = Release|x64
		{50F60EE7-F8AA-4D71-8097-414AEDC6EA80}.Release|x86.ActiveCfg = Release|Win32
		{50F60EE7-F8AA-4D71-8097-414AEDC6EA80}.Release|x86.Build.0 = Release|Win32
		{2092F15E-6885-40AB-86FC-63113A3AF33D}.Debug|x64.ActiveCfg = Debug|x64
		{2092F15E-6885-40AB-86FC-63113A3AF33D}.Debug|x64.Build.0 = Debug|x64
		{2092F15E-6885-40AB-86FC-63113A3AF33D}.Debug|x86.ActiveCfg = Debug|Win32
		{2092F15E-6885-40AB-86FC-63113A3AF33D}.Debug|x86.Build.0 = Debug|Win32
		{2092F15E-6885-40AB-86FC-63113A3AF33D}.Release|x64.ActiveCfg = Release|x64
		{2092F15E-6885-40AB-86FC-63113A3AF33D}.Release|x64.Build.0 = Release|x64
		{2092F15E-6885-40AB-86FC-63113A3AF33D}.Release|x86.ActiveCfg = Release|Win32
		{2092F15E-6885-40AB-86FC-63113A3AF33D}.Release|x86.Build.0 = Release|Win32
		{2F449700-B0E9-4788-96DB-B0D1DB3240B3}.Debug|x64.ActiveCfg = Debug|x64
		{2F449700-B0E9-4788-96DB-B0D1DB3240B3}.Debug|x64.Build.0 = Debug|x64
		{2F449700-B0E9-4788-96DB-B0D1DB3240B3}.Debug|x86.ActiveCfg = Debug|Win32
		{2F449700-B0E9-4788-96DB-B0D1DB3240B3}.Debug|x86.Build.0 = Debug|Win32
		{2F449700-B0E9-4788-96DB-B0D1DB3240B3}.Release|x64.ActiveCfg = Release|x64
		{2F449700-B0E9-4788-96DB-B0D1DB3240B3}.Release|x64.Build.0 = Release|x64
		{2F449700-B0E9-4788-96DB-B0D1DB3240B3}.Release|x86.ActiveCfg = Release|Win32
		{2F449700-B0E9-4788-96DB-B0D1DB3240B3}.Release|x86.Build.0 = Release|Win32
		{79CDB4C9-B136-42A5-9744-907547422671}.Debug|x64.ActiveCfg = Debug|x64
		{79CDB4C9-B136-42A5-9744-907547422671}.Debug|x64.Build.0 = Debug|x64
		{79CDB4C9-B136-42A5-9744-907547422671}.Debug|x86.ActiveCfg = Debug|Win32
		{79CDB4C9-B136-42A5-9744-907547422671}.Debug|x86.Build.0 = Debug|Win32
		{79CDB4C9-B136-42A5-9744-907547422671}.Release|x64.ActiveCfg = Release|x64
		{79CDB4C9-B136-42A5-9744-907547422671}.Release|x64.Build.0 = Release|x64
		{79CDB4C9-B136-42A5-9744-907547422671}.Release|x86.ActiveCfg = Release|Win32
		{79CDB4C9-B136-42A5-9744-907547422671}.Release|x86.Build.0 = Release|Win32
		{C77446E5-0D28-4469-B6CD-59C267738651}.Debug|x64.ActiveCfg = Debug|x64
		{C77446E5-0D28-4469-B6CD-59C267738651}.Debug|x64.Build.0 = Debug|x64
		{C77446E5-0D28-4469-B6CD-59C267738651}.Debug|x86.ActiveCfg = Debug|Win32
		{C77446E5-0D28-4469-B6CD-59C267738651}.Debug|x86.Build.0 = Debug|Win32
		{C77446E5-0D28-4469-B6CD-59C267738651}.Release|x64.ActiveCfg = Release|x64
		{C77446E5-0D28-4469-B6CD-59C267738651}.Release|x64.Build.0 = Release|x64
		{C77446E5-0D28-4469-B6CD-59C267738651}.Release|x86.ActiveCfg = Release|Win32
		{C77446E5-0D28-4469-B6CD-59C267738651}.Release|x86.Build.0 = Release|Win32
		{EC3276FA-D02A-4C03-9180-D09B1F8350F5}.Debug|x64.ActiveCfg = Debug|x64
		{EC3276FA-D02A-4C03-9180-D09B1F8350F5}.Debug|x64.Build.0 = Debug|x64
		{EC3276FA-D02A-4C03-9180-D09B1F8350F5}.Debug|x86.ActiveCfg = Debug|Win32
		{EC3276FA-D02A-4C03-9180-D09B1F8350F5}.Debug|x86.Build.0 = Debug|Win32
		{EC3276FA-D02A-4C03-9180-D09B1F8350F5}.Release|x64.ActiveCfg = Release|x64
		{EC3276FA-D02A-4C03-9180-D09B1F8350F5}.Release|x64.Build.0 = Release|x64
		{EC3276FA-D02A-4C03-9180-D09B1F8350F5}.Release|x86.ActiveCfg = Release|Win32
		{EC3276FA-D02A-4C03-9180-D09B1F8350F5}.Release|x86.Build.0 = Release|Win32
		{8741BB95-8822-47EA-A05E-7B9767C7A7DD}.Debug|x64.ActiveCfg = Debug|x64
		{8741BB95-8822-47EA-A05E-7B9767C7A7DD}.Debug|x64.Build.0 = Debug|x64
		{8741BB95-8822-47EA-A05E-7B9767C7A7DD}.Debug|x86.ActiveCfg = Debug|Win32
		{8741BB95-8822-47EA-A05E-7B9767C7A7DD}.Debug|x86.Build.0 = Debug|Win32
		{8741BB95-8822-47EA-A05E-7B9767C7A7DD}.Release|x64.ActiveCfg = Release|x64
		{8741BB95-8822-47EA-A05E-7B9767C7A7DD}.Release|x64.Build.0 = Release|x64
		{8741BB95-8822-47EA-A05E-7B9767C7A7DD}.Release|x86.ActiveCfg = Release|Win32
		{8741BB95-8822-47EA-A05E-7B9767C7A7DD}.Release|x86.Build.0 = Release|Win32
		{BD83CAED-0F1A-4043-9D83-A9A37EB98E33}.Debug|x64.ActiveCfg = Debug|x64
		{BD83CAED-0F1A-4043-9D83-A9A37EB98E33}.Debug|x64.Build.0 = Debug|x64
		{BD83CAED-0F1A-4043-9D83-A9A37EB98E33}.Debug|x86.ActiveCfg = Debug|Win32
		{BD83CAED-0F1A-4043-9D83-A9A37EB98E33}.Debug|x86.Build.0 = Debug|Win32
		{BD83CAED-0F1A-4043-9D83-A9A37EB98E33}.Release|x64.ActiveCfg = Release|x64
		{BD83CAED-0F1A-4043-9D83-A9A37EB98E33}.Release|x64.Build.0 = Release|x64
		{BD83CAED-0F1A-4043-9D83-A9A37EB98E33}.Release|x86.ActiveCfg = Release|Win32
		{BD83CAED-0F1A-4043-9D83-A9A37EB98E33}.Release|x86.Build.0 = Release|Win32
		{D3BDCF57-6940-4F1C-AE9C-8511A4FB08E0}.Debug|x64.ActiveCfg = Debug|x64
		{D3BDCF57-6940-4F1C-AE9C-8511A4FB08E0}.Debug|x64.Build.0 = Debug|x64
		{D3BDCF57-6940-4F1C-AE9C-8511A4FB08E0}.Debug|x86.ActiveCfg = Debug|Win32
		{D3BDCF57-6940-4F1C-AE9C-8511A4FB08E0}.Debug|x86.Build.0 = Debug|Win32
		{D3BDCF57-6940-4F1C-AE9C-8511A4FB08E0}.Release|x64.ActiveCfg = Release|x64
		{D3BDCF57-6940-4F1C-AE9C-8511A4FB08E0}.Release|x64.Build.0 = Release|x64
		{D3BDCF57-6940-4F1C-AE9C-8511A4FB08E0}.Release|x86.ActiveCfg = Release|Win32
		{D3BDCF57-6940-4F1C-AE9C-8511A4FB08E0}.Release|x86.Build.0 = Release|Win32
		{189CF876-AB37-497B-8206-86D840C87D6E}.Debug|x64.ActiveCfg = Debug|x64
		{189CF876-AB37-497B-8206-86D840C87D6E}.Debug|x64.Build.0 = Debug|x64
		{189CF876-AB37-497B-8206-86D840C87D6E}.Debug|x86.ActiveCfg = Debug|Win32
		{189CF876-AB37-497B-8206-86D840C87D6E}.Debug|x86.Build.0 = Debug|Win32
		{189CF876-AB37-497B-8206-86D840C87D6E}.Release|x64.ActiveCfg = Release|x64
		{189CF876-AB37-497B-8206-86D840C87D6E}.Release|x64.Build.0 = Release|x64
		{189CF876-AB37-497B-8206-86D840C87D6E}.Release|x86.ActiveCfg = Release|Win32
		{189CF876-AB37-497B-8206-86D840C87D6E}.Release|x86.Build.0 = Release|Win32
		{5E89E497-11A4-4865-B3BE-C01BCFCD4DC3}.Debug|x64.ActiveCfg = Debug|x64
		{5E89E497-11A4-4865-B3BE-C01BCFCD4DC3}.Debug|x64.Build.0 = Debug|x64
		{5E89E497-11A4-4865-B3BE-C01BCFCD4DC3}.Debug|x86.ActiveCfg = Debug|Win32
		{5E89E497-11A4-4865-B3BE-C01BCFCD4DC3}.Debug|x86.Build.0 = Debug|Win32
		{5E89E497-11A4-4865-B3BE-C01BCFCD4DC3}.Release|x64.ActiveCfg = Release|x64
		{5E89E497-11A4-4865-B3BE-C01BCFCD4DC3}.Release|x64.Build.0 = Release|x64
		{5E89E497-11A4-4865-B3BE-C01BCFCD4DC3}.Release|x86.ActiveCfg = Release|Win32
		{5E89E497-11A4-4865-B3BE-C01BCFCD4DC3}.Release|x86.Build.0 = Release|Win32
		{8AFCDE40-B547-4CD2-99D9-B27F99C9737E}.Debug|x64.ActiveCfg = Debug|x64
		{8AFCDE40-B547-4CD2-99D9-B27F99C9737E}.Debug|x64.Build.0 = Debug|x64
		{8AFCDE40-B547-4CD2-99D9-B27F99C9737E}.Debug|x86.ActiveCfg = Debug|Win32
		{8AFCDE40-B547-4CD2-99D9-B27F99C9737E}.Debug|x86.Build.0 = Debug|Win32
		{8AFCDE40-B547-4CD2-99D9-B27F99C9737E}.Release|x64.ActiveCfg = Release|x64
		{8AFCDE40-B547-4CD2-99D9-B27F99C9737E}.Release|x64.Build.0 = Release|x64
		{8AFCDE40-B547-4CD2-99D9-B27F99C9737E}.Release|x86.ActiveCfg = Release|Win32
		{8AFCDE40-B547-4CD2-99D9-B27F99C9737E}.Release|x86.Build.0 = Release|Win32
		{00C57F88-5C6F-4E1F-B042-6634D9BBA6D6}.Debug|x64.ActiveCfg = Debug|x64
		{00C57F88-5C6F-4E1F-B042-6634D9BBA6D6}.Debug|x64.Build.0 = Debug|x64
		{00C57F88-5C6F-4E1F-B042-6634D9BBA6D6}.Debug|x86.ActiveCfg = Debug|Win32
		{00C57F88-5C6F-4E1F-B042-6634D9BBA6D6}.Debug|x86.Build.0 = Debug|Win32
		{00C57F88-5C6F-4E1F-B042-6634D9BBA6D6}.Release|x64.ActiveCfg = Release|x64
		{00C57F88-5C6F-4E1F-B042-6634D9BBA6D6}.Release|x64.Build.0 = Release|x64
		{00C57F88-5C6F-4E1F-B042-6634D9BBA6D6}.Release|x86.ActiveCfg = Release|Win32
		{00C57F88-5C6F-4E1F-B042-6634D9BBA6D6}.Release|x86.Build.0 = Release|Win32
		{A219CF7D-9716-4118-999D-4D6E3B6B2C98}.Debug|x64.ActiveCfg = Debug|x64
		{A219CF7D-9716-4118-999D-4D6E3B6B2C98}.Debug|x64.Build.0 = Debug|x64
		{A219CF7D-9716-4118-999D-4D6E3B6B2C98}.Debug|x86.ActiveCfg = Debug|Win32
		{A219CF7D-9716-4118-999D-4D6E3B6B2C98}.Debug|x86.Build.0 = Debug|Win32
		{A219CF7D-9716-4118-999D-4D6E3B6B2C98}.Release|x64.ActiveCfg = Release|x64
		{A219CF7D-9716-4118-999D-4D6E3B6B2C98}.Release|x64.Build.0 = Release|x64
		{A219CF7D-9716-4118-999D-4D6E3B6B2C98}.Release|x86.ActiveCfg = Release|Win32
		{A219CF7D-9716-4118-999D-4D6E3B6B2C98}.Release|x86.Build.0 = Release|Win32
		{45E5FB3C-F448-4C99-8711-87CEEA29CC7A}.Debug|x64.ActiveCfg = Debug|x64
		{45E5FB3C-F448-4C99-8711-87CEEA29CC7A}.Debug|x64.Build.0 = Debug|x64
		{45E5FB3C-F448-4C99-8711-87CEEA29CC7A}.Debug|x86.ActiveCfg = Debug|Win32
		{45E5FB3C-F448-4C99-8711-87CEEA29CC7A}.Debug|x86.Build.0 = Debug|Win32
		{45E5FB3C-F448-4C99-8711-87CEEA29CC7A}.Release|x64.ActiveCfg = Release|x64
		{45E5FB3C-F448-4C99-8711-87CEEA29CC7A}.Release|x64.Build.0 = Release|x64
		{45E5FB3C-F448-4C99-8711-87CEEA29CC7A}.Release|x86.ActiveCfg = Release|Win32
		{45E5FB3C-F448-4C99-8711-87CEEA29CC7A}.Release|x86.Build.0 = Release|Win32
		{011CF1C1-921E-49EC-9ABA-E82734B5CF17}.Debug|x64.ActiveCfg = Debug|x64
		{011CF1C1-921E-49EC-9ABA-E82734B5CF17}.Debug|x64.Build.0 = Debug|x64
		{011CF1C1-921E-49EC-9ABA-E82734B5CF17}.Debug|x86.ActiveCfg = Debug|Win32
		{011CF1C1-921E-49EC-9ABA-E82734B5CF17}.Debug|x86.Build.0 = Debug|Win32
		{011CF1C1-921E-49EC-9ABA-E82734B5CF17}.Release|x64.ActiveCfg = Release|x64
		{011CF1C1-921E-49EC-9ABA-E82734B5CF17}.Release|x64.Build.0 = Release|x64
		{011CF1C1-921E-49EC-9ABA-E82734B5CF17}.Release|x86.ActiveCfg = Release|Win32
		{011CF1C1-921E-49EC-9ABA-E82734B5CF17}.Release|x86.Build.0 = Release|Win32
		{A6EAD726-639B-4553-B0CA-3B4BB1B43578}.Debug|x64.ActiveCfg = Debug|x64
		{A6EAD726-639B-4553-B0CA-3B4BB1B43578}.Debug|x64.Build.0 = Debug|x64
		{A6EAD726-639B-4553-B0CA-3B4BB1B43578}.Debug|x86.ActiveCfg = Debug|Win32
		{A6EAD726-639B-4553-B0CA-3B4BB1B43578}.Debug|x86.Build.0 = Debug|Win32
		{A6EAD726-639B-4553-B0CA-3B4BB1B43578}.Release|x64.ActiveCfg = Release|x64
		{A6EAD726-639B-4553-B0CA-3B4BB1B43578}.Release|x64.Build.0 = Release|x64
		{A6EAD726-639B-4553-B0CA-3B4BB1B43578}.Release|x86.ActiveCfg = Release|Win32
		{A6EAD726-639B-4553-B0CA-3B4BB1B43578}.Release|x86.Build.0 = Release|Win32
		{932CCE72-C2C9-4FAB-A06D-7271FEFF69D4}.Debug|x64.ActiveCfg = Debug|x64
		{932CCE72-C2C9-4FAB-A06D-7271FEFF69D4}.Debug|x64.Build.0 = Debug|x64
		{932CCE72-C2C9-4FAB-A06D-7271FEFF69D4}.Debug|x86.ActiveCfg = Debug|Win32
		{932CCE72-C2C9-4FAB-A06D-7271FEFF69D4}.Debug|x86.Build.0 = Debug|Win32
		{932CCE72-C2C9-4FAB-A06D-7271FEFF69D4}.Release|x64.ActiveCfg = Release|x64
		{932CCE72-C2C9-4FAB-A06D-7271FEFF69D4}.Release|x64.Build.0 = Release|x64
		{932CCE72-C2C9-4FAB-A06D-7271FEFF69D4}.Release|x86.ActiveCfg = Release|Win32
		{932CCE72-C2C9-4FAB-A06D-7271FEFF69D4}.Release|x86.Build.0 = Release|Win32
		{631D6467-28E8-44C1-AC49-0BE3E25AD9F3}.Debug|x64.ActiveCfg = Debug|x64
		{631D6467-28E8-44C1-AC49-0BE3E25AD9F3}.Debug|x64.Build.0 = Debug|x64
		{631D6467-28E8-44C1-AC49-0BE3E25AD9F3}.Debug|x86.ActiveCfg = Debug|Win32
		{631D6467-28E8-44C1-AC49-0BE3E25AD9F3}.Debug|x86.Build.0 = Debug|Win32
		{631D6467-28E8-44C1-AC49-0BE3E25AD9F3}.Release|x64.ActiveCfg = Release|x64
		{631D6467-28E8-44C1-AC49-0BE3E25AD9F3}.Release|x64.Build.0 = Release|x64
		{631D6467-28E8-44C1-AC49-0BE3E25AD9F3}.Release|x86.ActiveCfg = Release|Win32
		{631D6467-28E8-44C1-AC49-0BE3E25AD9F3}.Release|x86.Build.0 = Release|Win32
		{A555C4B1-B1A9-402E-9131-DFB47EF1BF96}.Debug|x64.ActiveCfg = Debug|x64
		{A555C4B1-B1A9-402E-9131-DFB47EF1BF96}.Debug|x64.Build.0 = Debug|x64
		{A555C4B1-B1A9-402E-9131-DFB47EF1BF96}.Debug|x86.ActiveCfg = Debug|Win32
		{A555C4B1-B1A9-402E-9131-DFB47EF1BF96}.Debug|x86.Build.0 = Debug|Win32
		{A555C4B1-B1A9-402E-9131-DFB47EF1BF96}.Release|x64.ActiveCfg = Release|x64
		{A555C4B1-B1A9-402E-9131-DFB47EF1BF96}.Release|x64.Build.0 = Release|x64
		{A555C4B1-B1A9-402E-9131-DFB47EF1BF96}.Release|x86.ActiveCfg = Release|Win32
		{A555C4B1-B1A9-402E-9131-DFB47EF1BF96}.Release|x86.Build.0 = Release|Win32
		{7690426F-1935-4A37-8502-B1A9BE4B9606}.Debug|x64.ActiveCfg = Debug|x64
		{7690426F-1935-4A37-8502-B1A9BE4B9606}.Debug|x64.Build.0 = Debug|x64
		{7690426F-1935-4A37-8502-B1A9BE4B9606}.Debug|x86.ActiveCfg = Debug|Win32
		{7690426F-1935-4A37-8502-B1A9BE4B9606}.Debug|x86.Build.0 = Debug|Win32
		{7690426F-1935-4A37-8502-B1A9BE4B9606}.Release|x64.ActiveCfg = Release|x64
		{7690426F-1935-4A37-8502-B1A9BE4B9606}.Release|x64.Build.0 = Release|x64
		{7690426F-1935-4A37-8502-B1A9BE4B9606}.Release|x86.ActiveCfg = Release|Win32
		{7690426F-1935-4A37-8502-B1A9BE4B9606}.Release|x86.Build.0 = Release|Win32
		{1A1011B0-E61F-40FF-9042-C36A567A0DBA}.Debug|x64.ActiveCfg = Debug|x64
		{1A1011B0-E61F-40FF-9042-C36A567A0DBA}.Debug|x64.Build.0 = Debug|x64
		{1A1011B0-E61F-40FF-9042-C36A567A0DBA}.Debug|x86.ActiveCfg = Debug|Win32
		{1A1011B0-E61F-40FF-9042-C36A567A0DBA}.Debug|x86.Build.0 = Debug|Win32
		{1A1011B0-E61F-40FF-9042-C36A567A0DBA}.Release|x64.ActiveCfg = Release|x64
		{1A1011B0-E61F-40FF-9042-C36A567A0DBA}.Release|x64.Build.0 = Release|x64
		{1A1011B0-E61F-40FF-9042-C36A567A0DBA}.Release|x86.ActiveCfg = Release|Win32
		{1A1011B0-E61F-40FF-9042-C36A567A0DBA}.Release|x86.Build.0 = Release|Win32
		{E84BEAE9-7B11-44B7-BDC7-4FC91C509838}.Debug|x64.ActiveCfg = Debug|x64
		{E84BEAE9-7B11-44B7-BDC7-4FC91C509838}.Debug|x64.Build.0 = Debug|x64
		{E84BEAE9-7B11-44B7-BDC7-4FC91C509838}.Debug|x86.ActiveCfg = Debug|Win32
		{E84BEAE9-7B11-44B7-BDC7-4FC91C509838}.Debug|x86.Build.0 = Debug|Win32
		{E84BEAE9-7B11-44B7-BDC7-4FC91C509838}.Release|x64.ActiveCfg = Release|x64
		{E84BEAE9-7B11-44B7-BDC7-4FC91C509838}.Release|x64.Build.0 = Release|x64
		{E84BEAE9-7B11-44B7-BDC7-4FC91C509838}.Release|x86.ActiveCfg = Release|Win32
		{E84BEAE9-7B11-44B7-BDC7-4FC91C509838}.Release|x86.Build.0 = Release|Win32
		{B577A099-BFF9-46BC-ADA7-53B4474556FB}.Debug|x64.ActiveCfg = Debug|x64
		{B577A099-BFF9-46BC-ADA7-53B4474556FB}.Debug|x64.Build.0 = Debug|x64
		{B577A099-BFF9-46BC-ADA7-53B4474556FB}.Debug|x86.ActiveCfg = Debug|Win32
		{B577A099-BFF9-46BC-ADA7-53B4474556FB}.Debug|x86.Build.0 = Debug|Win32
		{B577A099-BFF9-46BC-ADA7-53B4474556FB}.Release|x64.ActiveCfg = Release|x64
		{B577A099-BFF9-46BC-ADA7-53B4474556FB}.Release|x64.Build.0 = Release|x64
		{B577A099-BFF9-46BC-ADA7-53B4474556FB}.Release|x86.ActiveCfg = Release|Win32
		{B577A099-BFF9-46BC-ADA7-53B4474556FB}.Release|x86.Build.0 = Release|Win32
		{728322E4-135D-410E-985E-DBFD38D3F8EE}.Debug|x64.ActiveCfg = Debug|x64
		{728322E4-135D-410E-985E-DBFD38D3F8EE}.Debug|x64.Build.0 = Debug|x64
		{728322E4-135D-410E-985E-DBFD38D3F8EE}.Debug|x86.ActiveCfg = Debug|Win32
		{728322E4-135D-410E-985E-DBFD38D3F8EE}.Debug|x86.Build.0 = Debug|Win32
		{728322E4-135D-410E-985E-DBFD38D3F8EE}.Release|x64.ActiveCfg = Release|x64
		{728322E4-135D-410E-985E-DBFD38D3F8EE}.Release|x64.Build.0 = Release|x64
		{728322E4-135D-410E-985E-DBFD38D3F8EE}.Release|x86.ActiveCfg = Release|Win32
		{728322E4-135D-410E-985E-DBFD38D3F8EE}.Release|x86.Build.0 = Release|Win32
		{C199402C-AAD7-4109-8C7C-7860AFACE21F}.Debug|x64.ActiveCfg = Debug|x64
		{C199402C-AAD7-4109-8C7C-7860AFACE21F}.Debug|x64.Build.0 = Debug|x64
		{C199402C-AAD7-4109-8C7C-7860AFACE21F}.Debug|x86.ActiveCfg = Debug|Win32
		{C199402C-AAD7-4109-8C7C-7860AFACE21F}.Debug|x86.Build.0 = Debug|Win32
		{C199402C-AAD7-4109-8C7C-7860AFACE21F}.Release|x64.ActiveCfg = Release|x64
		{C199402C-AAD7-4109-8C7C-7860AFACE21F}.Release|x64.Build.0 = Release|x64
		{C199402C-AAD7-4109-8C7C-7860AFACE21F}.Release|x86.ActiveCfg = Release|Win32
		{C199402C-AAD7-4109-8C7C-7860AFACE21F}.Release|x86.Build.0 = Release|Win32
		{C5EC7150-26FB-4652-B51A-9955DA26A510}.Debug|x64.ActiveCfg = Debug|x64
		{C5EC7150-26FB-4652-B51A-9955DA26A510}.Debug|x64.Build.0 = Debug|x64
		{C5EC7150-26FB-4652-B51A-9955DA26A510}.Debug|x86.ActiveCfg = Debug|Win32
		{C5EC7150-26FB-4652-B51A-9955DA26A510}.Debug|x86.Build.0 = Debug|Win32
		{C5EC7150-26FB-4652-B51A-9955DA26A510}.Release|x64.ActiveCfg = Release|x64
		{C5EC7150-26FB-4652-B51A-9955DA26A510}.Release|x64.Build.0 = Release|x64
		{C5EC7150-26FB-4652-B51A-9955DA26A510}.Release|x86.ActiveCfg = Release|Win32
		{C5EC7150-26FB-4652-B51A-9955DA26A510}.Release|x86.Build.0 = Release|Win32
		{981FE57A-0016-452A-A1D9-923CAAF0FEB5}.Debug|x64.ActiveCfg = Debug|x64
		{981FE57A-0016-452A-A1D9-923CAAF0FEB5}.Debug|x64.Build.0 = Debug|x64
		{981FE57A-0016-452A-A1D9-923CAAF0FEB5}.Debug|x86.ActiveCfg = Debug|Win32
		{981FE57A-0016-452A-A1D9-923CAAF0FEB5}.Debug|x86.Build.0 = Debug|Win32
		{981FE57A-0016-452A-A1D9-923CAAF0FEB5}.Release|x64.ActiveCfg = Release|x64
		{981FE57A-0016-452A-A1D9-923CAAF0FEB5}.Release|x64.Build.0 = Release|x64
		{981FE57A-0016-452A-A1D9-923CAAF0FEB5}.Release|x86.ActiveCfg = Release|Win32
		{981FE57A-0016-452A-A1D9-923CAAF0FEB5}.Release|x86.Build.0 = Release|Win32
		{71D33275-DEB9-4012-A9EB-D7529EED15A0}.Debug|x64.ActiveCfg = Debug|x64
		{71D33275-DEB9-4012-A9EB-D7529EED15A0}.Debug|x64.Build.0 = Debug|x64
		{71D33275-DEB9-4012-A9EB-D7529EED15A0}.Debug|x86.ActiveCfg = Debug|Win32
		{71D33275-DEB9-4012-A9EB-D7529EED15A0}.Debug|x86.Build.0 = Debug|Win32
		{71D33275-DEB9-4012-A9EB-D7529EED15A0}.Release|x64.ActiveCfg = Release|x64
		{71D33275-DEB9-4012-A9EB-D7529EED15A0}.Release|x64.Build.0 = Release|x64
		{71D33275-DEB9-4012-A9EB-D7529EED15A0}.Release|x86.ActiveCfg = Release|Win32
		{71D33275-DEB9-4012-A9EB-D7529EED15A0}.Release|x86.Build.0 = Release|Win32
		{5EE21A36-9822-4468-A050-0F686A2CC677}.Debug|x64.ActiveCfg = Debug|x64
		{5EE21A36-9822-4468-A050-0F686A2CC677}.Debug|x64.Build.0 = Debug|x64
		{5EE21A36-9822-4468-A050-0F686A2CC677}.Debug|x86.ActiveCfg = Debug|Win32
		{5EE21A36-9822-4468-A050-0F686A2CC677}.Debug|x86.Build.0 = Debug|Win32
		{5EE21A36-9822-4468-A050-0F686A2CC677}.Release|x64.ActiveCfg = Release|x64
		{5EE21A36-9822-4468-A050-0F686A2CC677}.Release|x64.Build.0 = Release|x64
		{5EE21A36-9822-4468-A050-0F686A2CC677}.Release|x86.ActiveCfg = Release|Win32
		{5EE21A36-9822-4468-A050-0F686A2CC677}.Release|x86.Build.0 = Release|Win32
		{61D8CA5C-88FD-41AE-A018-068156AE682F}.Debug|x64.ActiveCfg = Debug|x64
		{61D8CA5C-88FD-41AE-A018-068156AE682F}.Debug|x64.Build.0 = Debug|x64
		{61D8CA5C-88FD-41AE-A018-068156AE682F}.Debug|x86.ActiveCfg = Debug|Win32
		{61D8CA5C-88FD-41AE-A018-068156AE682F}.Debug|x86.Build.0 = Debug|Win32
		{61D8CA5C-88FD-41AE-A018-068156AE682F}.Release|x64.ActiveCfg = Release|x64
		{61D8CA5C-88FD-41AE-A018-068156AE682F}.Release|x64.Build.0 = Release|x64
		{61D8CA5C-88FD-41AE-A018-068156AE682F}.Release|x86.ActiveCfg = Release|Win32
		{61D8CA5C-88FD-41AE-A018-068156AE682F}.Release|x86.Build.0 = Release|Win32
		{439B14D3-67A5-447A-B098-105F4999677C}.Debug|x64.ActiveCfg = Debug|x64
		{439B14D3-67A5-447A-B098-105F4999677C}.Debug|x64.Build.0 = Debug|x64
		{439B14D3-67A5-447A-B098-105F4999677C}.Debug|x86.ActiveCfg = Debug|Win32
		{439B14D3-67A5-447A-B098-105F4999677C}.Debug|x86.Build.0 = Debug|Win32
		{439B14D3-67A5-447A-B098-105F4999677C}.Release|x64.ActiveCfg = Release|x64
		{439B14D3-67A5-447A-B098-105F4999677C}.Release|x64.Build.0 = Release|x64
		{439B14D3-67A5-447A-B098-105F4999677C}.Release|x86.ActiveCfg = Release|Win32
		{439B14D3-67A5-447A-B098-105F4999677C}.Release|x86.Build.0 = Release|Win32
		{478BEF81-20C0-47E9-A1C1-543C9B0D80B1}.Debug|x64.ActiveCfg = Debug|x64
		{478BEF81-20C0-47E9-A1C1-543C9B0D80B1}.Debug|x64.Build.0 = Debug|x64
		{478BEF81-20C0-47E9-A1C1-543C9B0D80B1}.Debug|x86.ActiveCfg = Debug|Win32
		{478BEF81-20C0-47E9-A1C1-543C9B0D80B1}.Debug|x86.Build.0 = Debug|Win32
		{478BEF81-20C0-47E9-A1C1-543C9B0D80B1}.Release|x64.ActiveCfg = Release|x64
		{478BEF81-20C0-47E9-A1C1-543C9B0D80B1}.Release|x64.Build.0 = Release|x64
		{478BEF81-20C0-47E9-A1C1-543C9B0D80B1}.Release|x86.ActiveCfg = Release|Win32
		{478BEF81-20C0-47E9-A1C1-543C9B0D80B1}.Release|x86.Build.0 = Release|Win32
		{8BF1FD07-17CF-4EE8-AD56-8B3AAF305914}.Debug|x64.ActiveCfg = Debug|x64
		{8BF1FD07-17CF-4EE8-AD56-8B3AAF305914}.Debug|x64.Build.0 = Debug|x64
		{8BF1FD07-17CF-4EE8-AD56-8B3AAF305914}.Debug|x86.ActiveCfg = Debug|Win32
		{8BF1FD07-17CF-4EE8-AD56-8B3AAF305914}.Debug|x86.Build.0 = Debug|Win32
		{8BF1FD07-17CF-4EE8-AD56-8B3AAF305914}.Release|x64.ActiveCfg = Release|x64
		{8BF1FD07-17CF-4EE8-AD56-8B3AAF305914}.Release|x64.Build.0 = Release|x64
		{8BF1FD07-17CF-4EE8-AD56-8B3AAF305914}.Release|x86.ActiveCfg = Release|Win32
		{8BF1FD07-17CF-4EE8-AD56-8B3AAF305914}.Release|x86.Build.0 = Release|Win32
		{3EC18B01-80A7-49D7-8899-292EDCD869EA}.Debug|x64.ActiveCfg = Debug|x64
		{3EC18B01-80A7-49D7-8899-292EDCD869EA}.Debug|x64.Build.0 = Debug|x64
		{3EC18B01-80A7-49D7-8899-292EDCD869EA}.Debug|x86.ActiveCfg = Debug|Win32
		{3EC18B01-80A7-49D7-8899-292EDCD869EA}.Debug|x86.Build.0 = Debug|Win32
		{3EC18B01-80A7-49D7-8899-292EDCD869EA}.Release|x64.ActiveCfg = Release|x64
		{3EC18B01-80A7-49D7-8899-292EDCD869EA}.Release|x64.Build.0 = Release|x64
		{3EC18B01-80A7-49D7-8899-292EDCD869EA}.Release|x86.ActiveCfg = Release|Win32
		{3EC18B01-80A7-49D7-8899-292EDCD869EA}.Release|x86.Build.0 = Release|Win32
		{95062D64-D58A-4FAB-8476-FD4F2D6E7F42}.Debug|x64.ActiveCfg = Debug|x64
		{95062D64-D58A-4FAB-8476-FD4F2D6E7F42}.Debug|x64.Build.0 = Debug|x64
		{95062D64-D58A-4FAB-8476-FD4F2D6E7F42}.Debug|x86.ActiveCfg = Debug|Win32
		{95062D64-D58A-4FAB-8476-FD4F2D6E7F42}.Debug|x86.Build.0 = Debug|Win32
		{95062D64-D58A-4FAB-8476-FD4F2D6E7F42}.Release|x64.ActiveCfg = Release|x64
		{95062D64-D58A-4FAB-8476-FD4F2D6E7F42}.Release|x64.Build.0 = Release|x64
		{95062D64-D58A-4FAB-8476-FD4F2D6E7F42}.Release|x86.ActiveCfg = Release|Win32
		{95062D64-D58A-4FAB-8476-FD4F2D6E7F42}.Release|x86.Build.0 = Release|Win32
		{A4F1A749-AC0A-43FB-BDFD-6B70FE75370A}.Debug|x64.ActiveCfg = Debug|x64
		{A4F1A749-AC0A-43FB-BDFD-6B70FE75370A}.Debug|x64.Build.0 = Debug|x64
		{A4F1A749-AC0A-43FB-BDFD-6B70FE75370A}.Debug|x86.ActiveCfg = Debug|Win32
		{A4F1A749-AC0A-43FB-BDFD-6B70FE75370A}.Debug|x86.Build.0 = Debug|Win32
		{A4F1A749-AC0A-43FB-BDFD-6B70FE75370A}.Release|x64.ActiveCfg = Release|x64
		{A4F1A749-AC0A-43FB-BDFD-6B70FE75370A}.Release|x64.Build.0 = Release|x64
		{A4F1A749-AC0A-43FB-BDFD-6B70FE75370A}.Release|x86.ActiveCfg = Release|Win32
		{A4F1A749-AC0A-43FB-BDFD-6B70FE75370A}.Release|x86.Build.0 = Release|Win32
		{6DA05295-ED66-47EA-9DD4-D93DF31032AD}.Debug|x64.ActiveCfg = Debug|x64
		{6DA05295-ED66-47EA-9DD4-D93DF31032AD}.Debug|x64.Build.0 = Debug|x64
		{6DA05295-ED66-47EA-9DD4-D93DF31032AD}.Debug|x86.ActiveCfg = Debug|Win32
		{6DA05295-ED66-47EA-9DD4-D93DF31032AD}.Debug|x86.Build.0 = Debug|Win32
		{6DA05295-ED66-47EA-9DD4-D93DF31032AD}.Release|x64.ActiveCfg = Release|x64
		{6DA05295-ED66-47EA-9DD4-D93DF31032AD}.Release|x64.Build.0 = Release|x64
		{6DA05295-ED66-47EA-9DD4-D93DF31032AD}.Release|x86.ActiveCfg = Release|Win32
		{6DA05295-ED66-47EA-9DD4-D93DF31032AD}.Release|x86.Build.0 = Release|Win32
		{F672D424-13BC-4E98-B55C-5AAE3E5632C8}.Debug|x64.ActiveCfg = Debug|x64
		{F672D424-13BC-4E98-B55C-5AAE3E5632C8}.Debug|x64.Build.0 = Debug|x64
		{F672D424-13BC-4E98-B55C-5AAE3E5632C8}.Debug|x86.ActiveCfg = Debug|Win32
		{F672D424-13BC-4E98-B55C-5AAE3E5632C8}.Debug|x86.Build.0 = Debug|Win32
		{F672D424-13BC-4E98-B55C-5AAE3E5632C8}.Release|x64.ActiveCfg = Release|x64
		{F672D424-13BC-4E98-B55C-5AAE3E5632C8}.Release|x64.Build.0 = Release|x64
		{F672D424-13BC-4E98-B55C-5AAE3E5632C8}.Release|x86.ActiveCfg = Release|Win32
		{F672D424-13BC-4E98-B55C-5AAE3E5632C8}.Release|x86.Build.0 = Release|Win32
		{DA3A8900-734A-4BC0-B140-0FD25559E197}.Debug|x64.ActiveCfg = Debug|x64
		{DA3A8900-734A-4BC0-B140-0FD25559E197}.Debug|x64.Build.0 = Debug|x64
		{DA3A8900-734A-4BC0-B140-0FD25559E197}.Debug|x86.ActiveCfg = Debug|Win32
		{DA3A8900-734A-4BC0-B140-0FD25559E197}.Debug|x86.Build.0 = Debug|Win32
		{DA3A8900-734A-4BC0-B140-0FD25559E197}.Release|x64.ActiveCfg = Release|x64
		{DA3A8900-734A-4BC0-B140-0FD25559E197}.Release|x64.Build.0 = Release|x64
		{DA3A8900-734A-4BC0-B140-0FD25559E197}.Release|x86.ActiveCfg = Release|Win32
		{DA3A8900-734A-4BC0-B140-0FD25559E197}.Release|x86.Build.0 = Release|Win32
		{32F36D94-F7CA-42BF-ABC4-0E2061A1F1C1}.Debug|x64.ActiveCfg = Debug|x64
		{32F36D94-F7CA-42BF-ABC4-0E2061A1F1C1}.Debug|x64.Build.0 = Debug|x64
		{32F36D94-F7CA-42BF-ABC4-0E2061A1F1C1}.Debug|x86.ActiveCfg = Debug|Win32
		{32F36D94-F7CA-42BF-ABC4-0E2061A1F1C1}.Debug|x86.Build.0 = Debug|Win32
		{32F36D94-F7CA-42BF-ABC4-0E2061A1F1C1}.Release|x64.ActiveCfg = Release|x64
		{32F36D94-F7CA-42BF-ABC4-0E2061A1F1C1}.Release|x64.Build.0 = Release|x64
		{32F36D94-F7CA-42BF-ABC4-0E2061A1F1C1}.Release|x86.ActiveCfg = Release|Win32
		{32F36D94-F7CA-42BF-ABC4-0E2061A1F1C1}.Release|x86.Build.0 = Release|Win32
		{A03B9EB6-8C5C-4995-B5DE-F5C1758FFFC7}.Debug|x64.ActiveCfg = Debug|x64
		{A03B9EB6-8C5C-4995-B5DE-F5C1758FFFC7}.Debug|x64.Build.0 = Debug|x64
		{A03B9EB6-8C5C-4995-B5DE-F5C1758FFFC7}.Debug|x86.ActiveCfg = Debug|Win32
		{A03B9EB6-8C5C-4995-B5DE-F5C1758FFFC7}.Debug|x86.Build.0 = Debug|Win32
		{A03B9EB6-8C5C-4995-B5DE-F5C1758FFFC7}.Release|x64.ActiveCfg = Release|x64
		{A03B9EB6-8C5C-4995-B5DE-F5C1758FFFC7}.Release|x64.Build.0 = Release|x64
		{A03B9EB6-8C5C-4995-B5DE-F5C1758FFFC7}.Release|x86.ActiveCfg = Release|Win32
		{A03B9EB6-8C5C-4995-B5DE-F5C1758FFFC7}.Release|x86.Build.0 = Release|Win32
		{E275C856-3BE4-4CBE-BCCB-F5ECD7BC9187}.Debug|x64.ActiveCfg = Debug|x64
		{E275C856-3BE4-4CBE-BCCB-F5ECD7BC9187}.Debug|x64.Build.0 = Debug|x64
		{E275C856-3BE4-4CBE-BCCB-F5ECD7BC9187}.Debug|x86.ActiveCfg = Debug|Win32
		{E275C856-3BE4-4CBE-BCCB-F5ECD7BC9187}.Debug|x86.Build.0 = Debug|Win32
		{E275C856-3BE4-4CBE-BCCB-F5ECD7BC9187}.Release|x64.ActiveCfg = Release|x64
		{E275C856-3BE4-4CBE-BCCB-F5ECD7BC9187}.Release|x64.Build.0 = Release|x64
		{E275C856-3BE4-4CBE-BCCB-F5ECD7BC9187}.Release|x86.ActiveCfg = Release|Win32
		{E275C856-3BE4-4CBE-BCCB-F5ECD7BC9187}.Release|x86.Build.0 = Release|Win32
		{E867D7AC-04E9-4DBD-A087-92A1904BFE46}.Debug|x64.ActiveCfg = Debug|x64
		{E867D7AC-04E9-4DBD-A087-92A1904BFE46}.Debug|x64.Build.0 = Debug|x64
		{E867D7AC-04E9-4DBD-A087-92A1904BFE46}.Debug|x86.ActiveCfg = Debug|Win32
		{E867D7AC-04E9-4DBD-A087-92A1904BFE46}.Debug|x86.Build.0 = Debug|Win32
		{E867D7AC-04E9-4DBD-A087-92A1904BFE46}.Release|x64.ActiveCfg = Release|x64
		{E867D7AC-04E9-4DBD-A087-92A1904BFE46}.Release|x64.Build.0 = Release|x64
		{E867D7AC-04E9-4DBD-A087-92A1904BFE46}.Release|x86.ActiveCfg = Release|Win32
		{E867D7AC-04E9-4DBD-A087-92A1904BFE46}.Release|x86.Build.0 = Release|Win32
		{6C5EE810-A1E4-4280-89DA-E6D08D10F0B7}.Debug|x64.ActiveCfg = Debug|x64
		{6C5EE810-A1E4-4280-89DA-E6D08D10F0B7}.Debug|x64.Build.0 = Debug|x64
		{6C5EE810-A1E4-4280-89DA-E6D08D10F0B7}.Debug|x86.ActiveCfg = Debug|Win32
		{6C5EE810-A1E4-4280-89DA-E6D08D10F0B7}.Debug|x86.Build.0 = Debug|Win32
		{6C5EE810-A1E4-4280-89DA-E6D08D10F0B7}.Release|x64.ActiveCfg = Release|x64
		{6C5EE810-A1E4-4280-89DA-E6D08D10F0B7}.Release|x64.Build.0 = Release|x64
		{6C5EE810-A1E4-4280-89DA-E6D08D10F0B7}.Release|x86.ActiveCfg = Release|Win32
		{6C5EE810-A1E4-4280-89DA-E6D08D10F0B7}.Release|x86.Build.0 = Release|Win32
		{DC40742A-BAEE-40C7-998F-3D9EE7673847}.Debug|x64.ActiveCfg = Debug|x64
		{DC40742A-BAEE-40C7-998F-3D9EE7673847}.Debug|x64.Build.0 = Debug|x64
		{DC40742A-BAEE-40C7-998F-3D9EE7673847}.Debug|x86.ActiveCfg = Debug|Win32
		{DC40742A-BAEE-40C7-998F-3D9EE7673847}.Debug|x86.Build.0 = Debug|Win32
		{DC40742A-BAEE-40C7-998F-3D9EE7673847}.Release|x64.ActiveCfg = Release|x64
		{DC40742A-BAEE-40C7-998F-3D9EE7673847}.Release|x64.Build.0 = Release|x64
		{DC40742A-BAEE-40C7-998F-3D9EE7673847}.Release|x86.ActiveCfg = Release|Win32
		{DC40742A-BAEE-40C7-998F-3D9EE7673847}.Release|x86.Build.0 = Release|Win32
		{9ED7FDA9-2D05-4F7B-B1D2-480B34D1A699}.Debug|x64.ActiveCfg = Debug|x64
		{9ED7FDA9-2D05-4F7B-B1D2-480B34D1A699}.Debug|x64.Build.0 = Debug|x64
		{9ED7FDA9-2D05-4F7B-B1D2-480B34D1A699}.Debug|x86.ActiveCfg = Debug|Win32
		{9ED7FDA9-2D05-4F7B-B1D2-480B34D1A699}.Debug|x86.Build.0 = Debug|Win32
		{9ED7FDA9-2D05-4F7B-B1D2-480B34D1A699}.Release|x64.ActiveCfg = Release|x64
		{9ED7FDA9-2D05-4F7B-B1D2-480B34D1A699}.Release|x64.Build.0 = Release|x64
		{9ED7FDA9-2D05-4F7B-B1D2-480B34D1A699}.Release|x86.ActiveCfg = Release|Win32
		{9ED7FDA9-2D05-4F7B-B1D2-480B34D1A699}.Release|x86.Build.0 = Release|Win32
		{C43603E8-EC95-4195-ABC3-8183C7A4444C}.Debug|x64.ActiveCfg = Debug|x64
		{C43603E8-EC95-4195-ABC3-8183C7A4444C}.Debug|x64.Build.0 = Debug|x64
		{C43603E8-EC95-4195-ABC3-8183C7A4444C}.Debug|x86.ActiveCfg = Debug|Win32
		{C43603E8-EC95-4195-ABC3-8183C7A4444C}.Debug|x86.Build.0 = Debug|Win32
		{C43603E8-EC95-4195-ABC3-8183C7A4444C}.Release|x64.ActiveCfg = Release|x64
		{C43603E8-EC95-4195-ABC3-8183C7A4444C}.Release|x64.Build.0 = Release|x64
		{C43603E8-EC95-4195-ABC3-8183C7A4444C}.Release|x86.ActiveCfg = Release|Win32
		{C43603E8-EC95-4195-ABC3-8183C7A4444C}.Release|x86.Build.0 = Release|Win32
		{FCD4AA5A-031C-46B4-94AF-6A6F1F799959}.Debug|x64.ActiveCfg = Debug|x64
		{FCD4AA5A-031C-46B4-94AF-6A6F1F799959}.Debug|x64.Build.0 = Debug|x64
		{FCD4AA5A-031C-46B4-94AF-6A6F1F799959}.Debug|x86.ActiveCfg = Debug|Win32
		{FCD4AA5A-031C-46B4-94AF-6A6F1F799959}.Debug|x86.Build.0 = Debug|Win32
		{FCD4AA5A-031C-46B4-94AF-6A6F1F799959}.Release|x64.ActiveCfg = Release|x64
		{FCD4AA5A-031C-46B4-94AF-6A6F1F799959}.Release|x64.Build.0 = Release|x64
		{FCD4AA5A-031C-46B4-94AF-6A6F1F799959}.Release|x86.ActiveCfg = Release|Win32
		{FCD4AA5A-031C-46B4-94AF-6A6F1F799959}.Release|x86.Build.0 = Release|Win32
		{B223AFAB-72A2-4E1B-BC92-274CBF695961}.Debug|x64.ActiveCfg = Debug|x64
		{B223AFAB-72A2-4E1B-BC92-274CBF695961}.Debug|x64.Build.0 = Debug|x64
		{B223AFAB-72A2-4E1B-BC92-274CBF695961}.Debug|x86.ActiveCfg = Debug|Win32
		{B223AFAB-72A2-4E1B-BC92-274CBF695961}.Debug|x86.Build.0 = Debug|Win32
		{B223AFAB-72A2-4E1B-BC92-274CBF695961}.Release|x64.ActiveCfg = Release|x64
		{B223AFAB-72A2-4E1B-BC92-274CBF695961}.Release|x64.Build.0 = Release|x64
		{B223AFAB-72A2-4E1B-BC92-274CBF695961}.Release|x86.ActiveCfg = Release|Win32
		{B223AFAB-72A2-4E1B-BC92-274CBF695961}.Release|x86.Build.0 = Release|Win32
		{5B0AB966-F59E-4482-AAB7-42E717ADD009}.Debug|x64.ActiveCfg = Debug|x64
		{5B0AB966-F59E-4482-AAB7-42E717ADD009}.Debug|x64.Build.0 = Debug|x64
		{5B0AB966-F59E-4482-AAB7-42E717ADD009}.Debug|x86.ActiveCfg = Debug|Win32
		{5B0AB966-F59E-4482-AAB7-42E717ADD009}.Debug|x86.Build.0 = Debug|Win32
		{5B0AB966-F59E-4482-AAB7-42E717ADD009}.Release|x64.ActiveCfg = Release|x64
		{5B0AB966-F59E-4482-AAB7-42E717ADD009}.Release|x64.Build.0 = Release|x64
		{5B0AB966-F59E-4482-AAB7-42E717ADD009}.Release|x86.ActiveCfg = Release|Win32
		{5B0AB966-F59E-4482-AAB7-42E717ADD009}.Release|x86.Build.0 = Release|Win32
		{7DFAB498-BC02-40CB-B7EA-77E3FC57B4A3}.Debug|x64.ActiveCfg = Debug|x64
		{7DFAB498-BC02-40CB-B7EA-77E3FC57B4A3}.Debug|x64.Build.0 = Debug|x64
		{7DFAB498-BC02-40CB-B7EA-77E3FC57B4A3}.Debug|x86.ActiveCfg = Debug|Win32
		{7DFAB498-BC02-40CB-B7EA-77E3FC57B4A3}.Debug|x86.Build.0 = Debug|Win32
		{7DFAB498-BC02-40CB-B7EA-77E3FC57B4A3}.Release|x64.ActiveCfg = Release|x64
		{7DFAB498-BC02-40CB-B7EA-77E3FC57B4A3}.Release|x64.Build.0 = Release|x64
		{7DFAB498-BC02-40CB-B7EA-77E3FC57B4A3}.Release|x86.ActiveCfg = Release|Win32
		{7DFAB498-BC02-40CB-B7EA-77E3FC57B4A3}.Release|x86.Build.0 = Release|Win32
		{E2BA9DE8-A2D6-4264-9E87-666EA904F01F}.Debug|x64.ActiveCfg = Debug|x64
		{E2BA9DE8-A2D6-4264-9E87-666EA904F01F}.Debug|x64.Build.0 = Debug|x64
		{E2BA9DE8-A2D6-4264-9E87-666EA904F01F}.Debug|x86.ActiveCfg = Debug|Win32
		{E2BA9DE8-A2D6-4264-9E87-666EA904F01F}.Debug|x86.Build.0 = Debug|Win32
		{E2BA9DE8-A2D6-4264-9E87-666EA904F01F}.Release|x64.ActiveCfg = Release|x64
		{E2BA9DE8-A2D6-4264-9E87-666EA904F01F}.Release|x64.Build.0 = Release|x64
		{E2BA9DE8-A2D6-4264-9E87-666EA904F01F}.Release|x86.ActiveCfg = Release|Win32
		{E2BA9DE8-A2D6-4264-9E87-666EA904F01F}.Release|x86.Build.0 = Release|Win32
		{DB9B547C-0FDA-4DED-9320-5FC8987E9A2C}.Debug|x64.ActiveCfg = Debug|x64
		{DB9B547C-0FDA-4DED-9320-5FC8987E9A2C}.Debug|x64.Build.0 = Debug|x64
		{DB9B547C-0FDA-4DED-9320-5FC8987E9A2C}.Debug|x86.ActiveCfg = Debug|Win32
		{DB9B547C-0FDA-4DED-9320-5FC8987E9A2C}.Debug|x86.Build.0 = Debug|Win32
		{DB9B547C-0FDA-4DED-9320-5FC8987E9A2C}.Release|x64.ActiveCfg = Release|x64
		{DB9B547C-0FDA-4DED-9320-5FC8987E9A2C}.Release|x64.Build.0 = Release|x64
		{DB9B547C-0FDA-4DED-9320-5FC8987E9A2C}.Release|x86.ActiveCfg = Release|Win32
		{DB9B547C-0FDA-4DED-9320-5FC8987E9A2C}.Release|x86.Build.0 = Release|Win32
		{DADE0528-51AE-4716-A60B-62B350E82C9C}.Debug|x64.ActiveCfg = Debug|x64
		{DADE0528-51AE-4716-A60B-62B350E82C9C}.Debug|x64.Build.0 = Debug|x64
		{DADE0528-51AE-4716-A60B-62B350E82C9C}.Debug|x86.ActiveCfg = Debug|Win32
		{DADE0528-51AE-4716-A60B-62B350E82C9C}.Debug|x86.Build.0 = Debug|Win32
		{DADE0528-51AE-4716-A60B-62B350E82C9C}.Release|x64.ActiveCfg = Release|x64
		{DADE0528-51AE-4716-A60B-62B350E82C9C}.Release|x64.Build.0 = Release|x64
		{DADE0528-51AE-4716-A60B-62B350E82C9C}.Release|x86.ActiveCfg = Release|Win32
		{DADE0528-51AE-4716-A60B-62B350E82C9C}.Release|x86.Build.0 = Release|Win32
	EndGlobalSection
	GlobalSection(SolutionProperties) = preSolution
		HideSolutionNode = FALSE
	EndGlobalSection
	GlobalSection(NestedProjects) = preSolution
		{88113B90-B738-467B-A068-D1E6D6342831} = {9C5CAD05-FDE0-4BB5-85CE-FD6A5CC52257}
		{B1FA89A5-1953-4150-801E-EA21E784348E} = {A44894BD-264B-4BDA-93F5-47C4FBC3DEC7}
		{3C4887DE-2E0D-47E0-B7F2-516BDF0450FF} = {A44894BD-264B-4BDA-93F5-47C4FBC3DEC7}
		{57493889-B757-4F09-86E6-A50287E4C3E8} = {93A0AE45-788E-4D44-AB62-7765860053B9}
		{91AABF03-A896-4F41-9577-C62E689A0C82} = {5565AD82-8CEB-46B9-BDE4-199D76499DF3}
		{F0AC5770-5CD0-4030-9357-D07D493014EA} = {5565AD82-8CEB-46B9-BDE4-199D76499DF3}
		{BBE2B9A2-EFDA-4F35-AEB3-43D6BA44252E} = {5565AD82-8CEB-46B9-BDE4-199D76499DF3}
		{E9377DA6-C17A-45A4-984E-BA25056ED3D9} = {ECC82275-AA65-4468-861A-6AF79A965B53}
		{BF130D82-E431-420C-8220-EF6306301932} = {ECC82275-AA65-4468-861A-6AF79A965B53}
		{26978195-789F-4ED4-A440-1870E8A7E989} = {ECC82275-AA65-4468-861A-6AF79A965B53}
		{50F60EE7-F8AA-4D71-8097-414AEDC6EA80} = {ECC82275-AA65-4468-861A-6AF79A965B53}
		{2092F15E-6885-40AB-86FC-63113A3AF33D} = {60DD64BD-2AAF-4C66-BE26-948FB5A8DA5C}
		{2F449700-B0E9-4788-96DB-B0D1DB3240B3} = {6F88D9DE-831B-41CF-9EFD-710D4F18D2A5}
		{79CDB4C9-B136-42A5-9744-907547422671} = {E67ACDCD-F096-437A-B3B9-08E1DA490238}
		{C77446E5-0D28-4469-B6CD-59C267738651} = {E67ACDCD-F096-437A-B3B9-08E1DA490238}
		{EC3276FA-D02A-4C03-9180-D09B1F8350F5} = {BE0CBD60-D2C2-41D4-A137-9F2EAD72CA08}
		{8741BB95-8822-47EA-A05E-7B9767C7A7DD} = {BA2E32AF-44AA-42D7-A7CF-B1418CE9ED4A}
		{BD83CAED-0F1A-4043-9D83-A9A37EB98E33} = {BA2E32AF-44AA-42D7-A7CF-B1418CE9ED4A}
		{D3BDCF57-6940-4F1C-AE9C-8511A4FB08E0} = {BA2E32AF-44AA-42D7-A7CF-B1418CE9ED4A}
		{189CF876-AB37-497B-8206-86D840C87D6E} = {5909BA54-B7B3-419F-8813-8474C5512737}
		{5E89E497-11A4-4865-B3BE-C01BCFCD4DC3} = {5909BA54-B7B3-419F-8813-8474C5512737}
		{8AFCDE40-B547-4CD2-99D9-B27F99C9737E} = {5909BA54-B7B3-419F-8813-8474C5512737}
		{00C57F88-5C6F-4E1F-B042-6634D9BBA6D6} = {5909BA54-B7B3-419F-8813-8474C5512737}
		{A219CF7D-9716-4118-999D-4D6E3B6B2C98} = {46B4DC23-EC08-4EBC-9324-D1FDF2FDD34B}
		{45E5FB3C-F448-4C99-8711-87CEEA29CC7A} = {46B4DC23-EC08-4EBC-9324-D1FDF2FDD34B}
		{011CF1C1-921E-49EC-9ABA-E82734B5CF17} = {5DA84C28-C4E2-42BE-A5EA-D5B43E76DD8C}
		{A6EAD726-639B-4553-B0CA-3B4BB1B43578} = {5DA84C28-C4E2-42BE-A5EA-D5B43E76DD8C}
		{932CCE72-C2C9-4FAB-A06D-7271FEFF69D4} = {5DA84C28-C4E2-42BE-A5EA-D5B43E76DD8C}
		{631D6467-28E8-44C1-AC49-0BE3E25AD9F3} = {D617269B-4DCA-44F7-A182-4762933D8AF6}
		{A555C4B1-B1A9-402E-9131-DFB47EF1BF96} = {D617269B-4DCA-44F7-A182-4762933D8AF6}
		{7690426F-1935-4A37-8502-B1A9BE4B9606} = {D617269B-4DCA-44F7-A182-4762933D8AF6}
		{1A1011B0-E61F-40FF-9042-C36A567A0DBA} = {D617269B-4DCA-44F7-A182-4762933D8AF6}
		{E84BEAE9-7B11-44B7-BDC7-4FC91C509838} = {D617269B-4DCA-44F7-A182-4762933D8AF6}
		{B577A099-BFF9-46BC-ADA7-53B4474556FB} = {44FDECB6-704B-4561-9B83-817ED5F8A522}
		{728322E4-135D-410E-985E-DBFD38D3F8EE} = {44FDECB6-704B-4561-9B83-817ED5F8A522}
		{C199402C-AAD7-4109-8C7C-7860AFACE21F} = {BE405C4F-05E0-484E-9025-6E7CAFCE0CB1}
		{C5EC7150-26FB-4652-B51A-9955DA26A510} = {BE405C4F-05E0-484E-9025-6E7CAFCE0CB1}
		{981FE57A-0016-452A-A1D9-923CAAF0FEB5} = {BE405C4F-05E0-484E-9025-6E7CAFCE0CB1}
		{71D33275-DEB9-4012-A9EB-D7529EED15A0} = {BE405C4F-05E0-484E-9025-6E7CAFCE0CB1}
		{5EE21A36-9822-4468-A050-0F686A2CC677} = {4E3AD36F-B7DF-4908-B362-071D5E81EFB1}
		{61D8CA5C-88FD-41AE-A018-068156AE682F} = {4E3AD36F-B7DF-4908-B362-071D5E81EFB1}
		{439B14D3-67A5-447A-B098-105F4999677C} = {4728F7BF-34D4-4DC6-B554-E97E02E83926}
		{478BEF81-20C0-47E9-A1C1-543C9B0D80B1} = {4728F7BF-34D4-4DC6-B554-E97E02E83926}
		{8BF1FD07-17CF-4EE8-AD56-8B3AAF305914} = {38C95087-22C6-40A6-B414-B5E4510E1029}
		{3EC18B01-80A7-49D7-8899-292EDCD869EA} = {0B116468-B561-429F-A59C-7AF6428CC6E1}
		{95062D64-D58A-4FAB-8476-FD4F2D6E7F42} = {0B116468-B561-429F-A59C-7AF6428CC6E1}
		{A4F1A749-AC0A-43FB-BDFD-6B70FE75370A} = {0B116468-B561-429F-A59C-7AF6428CC6E1}
		{6DA05295-ED66-47EA-9DD4-D93DF31032AD} = {9C5CAD05-FDE0-4BB5-85CE-FD6A5CC52257}
		{F672D424-13BC-4E98-B55C-5AAE3E5632C8} = {9C5CAD05-FDE0-4BB5-85CE-FD6A5CC52257}
		{DA3A8900-734A-4BC0-B140-0FD25559E197} = {A44894BD-264B-4BDA-93F5-47C4FBC3DEC7}
		{32F36D94-F7CA-42BF-ABC4-0E2061A1F1C1} = {6F88D9DE-831B-41CF-9EFD-710D4F18D2A5}
		{A03B9EB6-8C5C-4995-B5DE-F5C1758FFFC7} = {6F88D9DE-831B-41CF-9EFD-710D4F18D2A5}
		{E275C856-3BE4-4CBE-BCCB-F5ECD7BC9187} = {7E9279ED-DB32-44A9-B377-C915E21DF191}
		{E867D7AC-04E9-4DBD-A087-92A1904BFE46} = {7434C96F-2D4B-4D9A-800C-05BD913D4D70}
		{6C5EE810-A1E4-4280-89DA-E6D08D10F0B7} = {7434C96F-2D4B-4D9A-800C-05BD913D4D70}
		{DC40742A-BAEE-40C7-998F-3D9EE7673847} = {3308F5A0-D7FF-4871-BF59-59A167695A71}
		{9ED7FDA9-2D05-4F7B-B1D2-480B34D1A699} = {3308F5A0-D7FF-4871-BF59-59A167695A71}
		{C43603E8-EC95-4195-ABC3-8183C7A4444C} = {3308F5A0-D7FF-4871-BF59-59A167695A71}
		{FCD4AA5A-031C-46B4-94AF-6A6F1F799959} = {0F17C84B-C720-4728-B51D-F9987F5E8ECC}
		{B223AFAB-72A2-4E1B-BC92-274CBF695961} = {0F17C84B-C720-4728-B51D-F9987F5E8ECC}
		{5B0AB966-F59E-4482-AAB7-42E717ADD009} = {0F17C84B-C720-4728-B51D-F9987F5E8ECC}
		{7DFAB498-BC02-40CB-B7EA-77E3FC57B4A3} = {44D16DD5-D96A-4970-A46D-2B7D18C13EF7}
		{E2BA9DE8-A2D6-4264-9E87-666EA904F01F} = {D445C383-23BB-4F92-A96A-43FBD0FB76D0}
		{DB9B547C-0FDA-4DED-9320-5FC8987E9A2C} = {D445C383-23BB-4F92-A96A-43FBD0FB76D0}
		{DADE0528-51AE-4716-A60B-62B350E82C9C} = {D445C383-23BB-4F92-A96A-43FBD0FB76D0}
	EndGlobalSection
	GlobalSection(ExtensibilityGlobals) = postSolution
		SolutionGuid = {ECD4D7F0-012D-4FC7-91DB-69F03C9A0482}
	EndGlobalSection
EndGlobal
