
Microsoft Visual Studio Solution File, Format Version 12.00
# Visual Studio Version 17
VisualStudioVersion = 17.6.33815.320
MinimumVisualStudioVersion = 10.0.40219.1
Project("{8BC9CEB8-8B4A-11D0-8D11-00A0C91BC942}") = "OOP intro, class", "OOP intro, class\OOP intro, class.vcxproj", "{95062D64-D58A-4FAB-8476-FD4F2D6E7F42}"
EndProject
Project("{2150E333-8FDC-42A3-9474-1A3956D46DE8}") = "C++ OOP01", "C++ OOP01", "{0B116468-B561-429F-A59C-7AF6428CC6E1}"
EndProject
Project("{8BC9CEB8-8B4A-11D0-8D11-00A0C91BC942}") = "C++ OOP1. members methods", "C++ OOP1. members methods\C++ OOP1. members methods.vcxproj", "{A4F1A749-AC0A-43FB-BDFD-6B70FE75370A}"
EndProject
Project("{2150E333-8FDC-42A3-9474-1A3956D46DE8}") = "C++ OOP02", "C++ OOP02", "{9C5CAD05-FDE0-4BB5-85CE-FD6A5CC52257}"
EndProject
Project("{8BC9CEB8-8B4A-11D0-8D11-00A0C91BC942}") = "OOP 02. Encapsulation", "OOP 01. Encapsulation\OOP 01. Encapsulation.vcxproj", "{DCEBFEF2-9C71-4FE3-9FCA-DF7E39A6E495}"
EndProject
Project("{8BC9CEB8-8B4A-11D0-8D11-00A0C91BC942}") = "OOP02. Constructor", "OOP02. Constructor\OOP02. Constructor.vcxproj", "{88113B90-B738-467B-A068-D1E6D6342831}"
EndProject
Project("{8BC9CEB8-8B4A-11D0-8D11-00A0C91BC942}") = "OOP2. this", "OOP2. this\OOP2. this.vcxproj", "{F672D424-13BC-4E98-B55C-5AAE3E5632C8}"
EndProject
Project("{8BC9CEB8-8B4A-11D0-8D11-00A0C91BC942}") = "OOP2. Destructor", "OOP2. Destructor\OOP2. Destructor.vcxproj", "{6DA05295-ED66-47EA-9DD4-D93DF31032AD}"
EndProject
Global
	GlobalSection(SolutionConfigurationPlatforms) = preSolution
		Debug|x64 = Debug|x64
		Debug|x86 = Debug|x86
		Release|x64 = Release|x64
		Release|x86 = Release|x86
	EndGlobalSection
	GlobalSection(ProjectConfigurationPlatforms) = postSolution
		{95062D64-D58A-4FAB-8476-FD4F2D6E7F42}.Debug|x64.ActiveCfg = Debug|x64
		{95062D64-D58A-4FAB-8476-FD4F2D6E7F42}.Debug|x64.Build.0 = Debug|x64
		{95062D64-D58A-4FAB-8476-FD4F2D6E7F42}.Debug|x86.ActiveCfg = Debug|Win32
		{95062D64-D58A-4FAB-8476-FD4F2D6E7F42}.Debug|x86.Build.0 = Debug|Win32
		{95062D64-D58A-4FAB-8476-FD4F2D6E7F42}.Release|x64.ActiveCfg = Release|x64
		{95062D64-D58A-4FAB-8476-FD4F2D6E7F42}.Release|x64.Build.0 = Release|x64
		{95062D64-D58A-4FAB-8476-FD4F2D6E7F42}.Release|x86.ActiveCfg = Release|Win32
		{95062D64-D58A-4FAB-8476-FD4F2D6E7F42}.Release|x86.Build.0 = Release|Win32
		{A4F1A749-AC0A-43FB-BDFD-6B70FE75370A}.Debug|x64.ActiveCfg = Debug|x64
		{A4F1A749-AC0A-43FB-BDFD-6B70FE75370A}.Debug|x64.Build.0 = Debug|x64
		{A4F1A749-AC0A-43FB-BDFD-6B70FE75370A}.Debug|x86.ActiveCfg = Debug|Win32
		{A4F1A749-AC0A-43FB-BDFD-6B70FE75370A}.Debug|x86.Build.0 = Debug|Win32
		{A4F1A749-AC0A-43FB-BDFD-6B70FE75370A}.Release|x64.ActiveCfg = Release|x64
		{A4F1A749-AC0A-43FB-BDFD-6B70FE75370A}.Release|x64.Build.0 = Release|x64
		{A4F1A749-AC0A-43FB-BDFD-6B70FE75370A}.Release|x86.ActiveCfg = Release|Win32
		{A4F1A749-AC0A-43FB-BDFD-6B70FE75370A}.Release|x86.Build.0 = Release|Win32
		{DCEBFEF2-9C71-4FE3-9FCA-DF7E39A6E495}.Debug|x64.ActiveCfg = Debug|x64
		{DCEBFEF2-9C71-4FE3-9FCA-DF7E39A6E495}.Debug|x64.Build.0 = Debug|x64
		{DCEBFEF2-9C71-4FE3-9FCA-DF7E39A6E495}.Debug|x86.ActiveCfg = Debug|Win32
		{DCEBFEF2-9C71-4FE3-9FCA-DF7E39A6E495}.Debug|x86.Build.0 = Debug|Win32
		{DCEBFEF2-9C71-4FE3-9FCA-DF7E39A6E495}.Release|x64.ActiveCfg = Release|x64
		{DCEBFEF2-9C71-4FE3-9FCA-DF7E39A6E495}.Release|x64.Build.0 = Release|x64
		{DCEBFEF2-9C71-4FE3-9FCA-DF7E39A6E495}.Release|x86.ActiveCfg = Release|Win32
		{DCEBFEF2-9C71-4FE3-9FCA-DF7E39A6E495}.Release|x86.Build.0 = Release|Win32
		{88113B90-B738-467B-A068-D1E6D6342831}.Debug|x64.ActiveCfg = Debug|x64
		{88113B90-B738-467B-A068-D1E6D6342831}.Debug|x64.Build.0 = Debug|x64
		{88113B90-B738-467B-A068-D1E6D6342831}.Debug|x86.ActiveCfg = Debug|Win32
		{88113B90-B738-467B-A068-D1E6D6342831}.Debug|x86.Build.0 = Debug|Win32
		{88113B90-B738-467B-A068-D1E6D6342831}.Release|x64.ActiveCfg = Release|x64
		{88113B90-B738-467B-A068-D1E6D6342831}.Release|x64.Build.0 = Release|x64
		{88113B90-B738-467B-A068-D1E6D6342831}.Release|x86.ActiveCfg = Release|Win32
		{88113B90-B738-467B-A068-D1E6D6342831}.Release|x86.Build.0 = Release|Win32
		{F672D424-13BC-4E98-B55C-5AAE3E5632C8}.Debug|x64.ActiveCfg = Debug|x64
		{F672D424-13BC-4E98-B55C-5AAE3E5632C8}.Debug|x64.Build.0 = Debug|x64
		{F672D424-13BC-4E98-B55C-5AAE3E5632C8}.Debug|x86.ActiveCfg = Debug|Win32
		{F672D424-13BC-4E98-B55C-5AAE3E5632C8}.Debug|x86.Build.0 = Debug|Win32
		{F672D424-13BC-4E98-B55C-5AAE3E5632C8}.Release|x64.ActiveCfg = Release|x64
		{F672D424-13BC-4E98-B55C-5AAE3E5632C8}.Release|x64.Build.0 = Release|x64
		{F672D424-13BC-4E98-B55C-5AAE3E5632C8}.Release|x86.ActiveCfg = Release|Win32
		{F672D424-13BC-4E98-B55C-5AAE3E5632C8}.Release|x86.Build.0 = Release|Win32
		{6DA05295-ED66-47EA-9DD4-D93DF31032AD}.Debug|x64.ActiveCfg = Debug|x64
		{6DA05295-ED66-47EA-9DD4-D93DF31032AD}.Debug|x64.Build.0 = Debug|x64
		{6DA05295-ED66-47EA-9DD4-D93DF31032AD}.Debug|x86.ActiveCfg = Debug|Win32
		{6DA05295-ED66-47EA-9DD4-D93DF31032AD}.Debug|x86.Build.0 = Debug|Win32
		{6DA05295-ED66-47EA-9DD4-D93DF31032AD}.Release|x64.ActiveCfg = Release|x64
		{6DA05295-ED66-47EA-9DD4-D93DF31032AD}.Release|x64.Build.0 = Release|x64
		{6DA05295-ED66-47EA-9DD4-D93DF31032AD}.Release|x86.ActiveCfg = Release|Win32
		{6DA05295-ED66-47EA-9DD4-D93DF31032AD}.Release|x86.Build.0 = Release|Win32
	EndGlobalSection
	GlobalSection(SolutionProperties) = preSolution
		HideSolutionNode = FALSE
	EndGlobalSection
	GlobalSection(NestedProjects) = preSolution
		{95062D64-D58A-4FAB-8476-FD4F2D6E7F42} = {0B116468-B561-429F-A59C-7AF6428CC6E1}
		{A4F1A749-AC0A-43FB-BDFD-6B70FE75370A} = {0B116468-B561-429F-A59C-7AF6428CC6E1}
		{DCEBFEF2-9C71-4FE3-9FCA-DF7E39A6E495} = {9C5CAD05-FDE0-4BB5-85CE-FD6A5CC52257}
		{88113B90-B738-467B-A068-D1E6D6342831} = {9C5CAD05-FDE0-4BB5-85CE-FD6A5CC52257}
		{F672D424-13BC-4E98-B55C-5AAE3E5632C8} = {9C5CAD05-FDE0-4BB5-85CE-FD6A5CC52257}
		{6DA05295-ED66-47EA-9DD4-D93DF31032AD} = {9C5CAD05-FDE0-4BB5-85CE-FD6A5CC52257}
	EndGlobalSection
	GlobalSection(ExtensibilityGlobals) = postSolution
		SolutionGuid = {ECD4D7F0-012D-4FC7-91DB-69F03C9A0482}
	EndGlobalSection
EndGlobal
